// !$*UTF8*$!
{
	archiveVersion = 1;
	classes = {
	};
	objectVersion = 46;
	objects = {

/* Begin PBXBuildFile section */
		5006245F194D121C003A2922 /* CommentTableViewCell.m in Sources */ = {isa = PBXBuildFile; fileRef = 5006245E194D121C003A2922 /* CommentTableViewCell.m */; };
		501F60411875AE3A00B26F65 /* dsym_upload.sh in Resources */ = {isa = PBXBuildFile; fileRef = 501F603F1875AE3A00B26F65 /* dsym_upload.sh */; };
		501F60421875AE3A00B26F65 /* libCrittercism_v4_3_0.a in Frameworks */ = {isa = PBXBuildFile; fileRef = 501F60401875AE3A00B26F65 /* libCrittercism_v4_3_0.a */; };
		501FD869197A1E3D00BD587B /* camera.png in Resources */ = {isa = PBXBuildFile; fileRef = 501FD868197A1E3D00BD587B /* camera.png */; };
		501FD86B197A1EAE00BD587B /* revive.png in Resources */ = {isa = PBXBuildFile; fileRef = 501FD86A197A1EAE00BD587B /* revive.png */; };
		501FD86D197A1F0E00BD587B /* settings.png in Resources */ = {isa = PBXBuildFile; fileRef = 501FD86C197A1F0E00BD587B /* settings.png */; };
		50200C4418CFE365003CEBBE /* Status.m in Sources */ = {isa = PBXBuildFile; fileRef = 50200C4318CFE365003CEBBE /* Status.m */; };
		50275F76186F22E200CD9680 /* icon.png in Resources */ = {isa = PBXBuildFile; fileRef = 50275F75186F22E200CD9680 /* icon.png */; };
		502C6A4718E8BD800047EA49 /* FPLogger.m in Sources */ = {isa = PBXBuildFile; fileRef = 502C6A4618E8BD800047EA49 /* FPLogger.m */; };
		502FFD9B1953C78C00085826 /* SpinnerImageView.m in Sources */ = {isa = PBXBuildFile; fileRef = 502FFD9A1953C78C00085826 /* SpinnerImageView.m */; };
		5034EEAF18A7D09F00DBDCCF /* MessageTableViewCell.m in Sources */ = {isa = PBXBuildFile; fileRef = 5034EEAE18A7D09F00DBDCCF /* MessageTableViewCell.m */; };
		5034EEB218A7D48100DBDCCF /* MessageTableViewViewController.m in Sources */ = {isa = PBXBuildFile; fileRef = 5034EEB118A7D48100DBDCCF /* MessageTableViewViewController.m */; };
		5034EEB518A7E2CD00DBDCCF /* DataModel.xcdatamodeld in Sources */ = {isa = PBXBuildFile; fileRef = 5034EEB318A7E2CD00DBDCCF /* DataModel.xcdatamodeld */; };
		5034EF0018A7E7FC00DBDCCF /* SharedDataManager.m in Sources */ = {isa = PBXBuildFile; fileRef = 5034EEFF18A7E7FC00DBDCCF /* SharedDataManager.m */; };
		5034EF0218A7E9AB00DBDCCF /* CoreData.framework in Frameworks */ = {isa = PBXBuildFile; fileRef = 5034EF0118A7E9AB00DBDCCF /* CoreData.framework */; };
		5034EF0518A8061200DBDCCF /* ComposeNewMessageViewController.m in Sources */ = {isa = PBXBuildFile; fileRef = 5034EF0418A8061200DBDCCF /* ComposeNewMessageViewController.m */; };
		5039DA8418CFEE37000DF268 /* StatusObject.m in Sources */ = {isa = PBXBuildFile; fileRef = 5039DA8318CFEE37000DF268 /* StatusObject.m */; };
		5039DA8818D11FC4000DF268 /* comment_icon.png in Resources */ = {isa = PBXBuildFile; fileRef = 5039DA8618D11FC4000DF268 /* comment_icon.png */; };
		5039DA8C18D1204C000DF268 /* comment_icon@2x.png in Resources */ = {isa = PBXBuildFile; fileRef = 5039DA8B18D1204C000DF268 /* comment_icon@2x.png */; };
		503CABDF18739751006BBF51 /* butterfly-green-blue.png in Resources */ = {isa = PBXBuildFile; fileRef = 503CABDE18739751006BBF51 /* butterfly-green-blue.png */; };
		503FE459194DD72300FD297D /* LoadingTableViewCell.m in Sources */ = {isa = PBXBuildFile; fileRef = 503FE458194DD72300FD297D /* LoadingTableViewCell.m */; };
		50424F8E18C952EB00F7D826 /* TabBarViewController.m in Sources */ = {isa = PBXBuildFile; fileRef = 50424F8D18C952EB00F7D826 /* TabBarViewController.m */; };
		5054C90718BA68C60044CB5F /* add_friend.png in Resources */ = {isa = PBXBuildFile; fileRef = 5054C90618BA68C60044CB5F /* add_friend.png */; };
		5054C90918BA68CD0044CB5F /* add_friend@2x.png in Resources */ = {isa = PBXBuildFile; fileRef = 5054C90818BA68CD0044CB5F /* add_friend@2x.png */; };
		5054C90F18BA68E10044CB5F /* compose_icon@2x.png in Resources */ = {isa = PBXBuildFile; fileRef = 5054C90A18BA68E10044CB5F /* compose_icon@2x.png */; };
		5054C91018BA68E10044CB5F /* revine_icon.png in Resources */ = {isa = PBXBuildFile; fileRef = 5054C90B18BA68E10044CB5F /* revine_icon.png */; };
		5054C91118BA68E10044CB5F /* revine_icon@2x.png in Resources */ = {isa = PBXBuildFile; fileRef = 5054C90C18BA68E10044CB5F /* revine_icon@2x.png */; };
		5054C91218BA68E10044CB5F /* search_icon.png in Resources */ = {isa = PBXBuildFile; fileRef = 5054C90D18BA68E10044CB5F /* search_icon.png */; };
		5054C91318BA68E10044CB5F /* search_icon@2x.png in Resources */ = {isa = PBXBuildFile; fileRef = 5054C90E18BA68E10044CB5F /* search_icon@2x.png */; };
		5054C91518BA68F50044CB5F /* compose_icon.png in Resources */ = {isa = PBXBuildFile; fileRef = 5054C91418BA68F50044CB5F /* compose_icon.png */; };
		5054C91B18BA6B9F0044CB5F /* message_tab.png in Resources */ = {isa = PBXBuildFile; fileRef = 5054C91A18BA6B9F0044CB5F /* message_tab.png */; };
		5054C91D18BA6BBA0044CB5F /* message_tab@2x.png in Resources */ = {isa = PBXBuildFile; fileRef = 5054C91C18BA6BBA0044CB5F /* message_tab@2x.png */; };
		5054C92418BA6C1B0044CB5F /* notification_tab@2x.png in Resources */ = {isa = PBXBuildFile; fileRef = 5054C91E18BA6C1B0044CB5F /* notification_tab@2x.png */; };
		5054C92518BA6C1B0044CB5F /* notification_tab.png in Resources */ = {isa = PBXBuildFile; fileRef = 5054C91F18BA6C1B0044CB5F /* notification_tab.png */; };
		5054C92618BA6C1B0044CB5F /* profile_tab@2x.png in Resources */ = {isa = PBXBuildFile; fileRef = 5054C92018BA6C1B0044CB5F /* profile_tab@2x.png */; };
		5054C92718BA6C1B0044CB5F /* profile_tab.png in Resources */ = {isa = PBXBuildFile; fileRef = 5054C92118BA6C1B0044CB5F /* profile_tab.png */; };
		5054C92818BA6C1B0044CB5F /* feed_tab@2x.png in Resources */ = {isa = PBXBuildFile; fileRef = 5054C92218BA6C1B0044CB5F /* feed_tab@2x.png */; };
		5054C92918BA6C1B0044CB5F /* feed_tab.png in Resources */ = {isa = PBXBuildFile; fileRef = 5054C92318BA6C1B0044CB5F /* feed_tab.png */; };
		5054C92C18BA6D060044CB5F /* like_icon.png in Resources */ = {isa = PBXBuildFile; fileRef = 5054C92A18BA6D060044CB5F /* like_icon.png */; };
		5054C92D18BA6D060044CB5F /* like_icon@2x.png in Resources */ = {isa = PBXBuildFile; fileRef = 5054C92B18BA6D060044CB5F /* like_icon@2x.png */; };
		5054C93818BC41750044CB5F /* wordLogo.png in Resources */ = {isa = PBXBuildFile; fileRef = 5054C93618BC41750044CB5F /* wordLogo.png */; };
		5054C93B18BC46230044CB5F /* SignUpViewController.m in Sources */ = {isa = PBXBuildFile; fileRef = 5054C93A18BC46230044CB5F /* SignUpViewController.m */; };
		507F61441882EEF000B57DDA /* share.png in Resources */ = {isa = PBXBuildFile; fileRef = 507F61411882EEF000B57DDA /* share.png */; };
		507F61451882EEF000B57DDA /* comment.png in Resources */ = {isa = PBXBuildFile; fileRef = 507F61421882EEF000B57DDA /* comment.png */; };
		507F61461882EEF000B57DDA /* like.png in Resources */ = {isa = PBXBuildFile; fileRef = 507F61431882EEF000B57DDA /* like.png */; };
		507F614C1883594F00B57DDA /* Helper.m in Sources */ = {isa = PBXBuildFile; fileRef = 507F614B1883594F00B57DDA /* Helper.m */; };
		50931A751964B370005B3782 /* ZoomCollectionViewCell.m in Sources */ = {isa = PBXBuildFile; fileRef = 50931A741964B36F005B3782 /* ZoomCollectionViewCell.m */; };
		50931A781964B39E005B3782 /* FullImageViewController.m in Sources */ = {isa = PBXBuildFile; fileRef = 50931A771964B39E005B3782 /* FullImageViewController.m */; };
		509CB822187CE6D8009E9A9F /* ProfileViewController.m in Sources */ = {isa = PBXBuildFile; fileRef = 509CB821187CE6D8009E9A9F /* ProfileViewController.m */; };
		50B31CCF18861B1700A9CDD3 /* BaseViewControllerWithStatusTableView.m in Sources */ = {isa = PBXBuildFile; fileRef = 50B31CCE18861B1700A9CDD3 /* BaseViewControllerWithStatusTableView.m */; };
		50B55342199BFE23005211C6 /* DetailedSocialNetworkTableViewController.m in Sources */ = {isa = PBXBuildFile; fileRef = 50B55341199BFE23005211C6 /* DetailedSocialNetworkTableViewController.m */; };
		50CE771C19491EB5006E83F3 /* PressAndHoldGesture.m in Sources */ = {isa = PBXBuildFile; fileRef = 50CE771A19491EB5006E83F3 /* PressAndHoldGesture.m */; };
		50CE7730194A6CFA006E83F3 /* ELCAlbumPickerController.m in Sources */ = {isa = PBXBuildFile; fileRef = 50CE771F194A6CFA006E83F3 /* ELCAlbumPickerController.m */; };
		50CE7731194A6CFA006E83F3 /* ELCAsset.m in Sources */ = {isa = PBXBuildFile; fileRef = 50CE7721194A6CFA006E83F3 /* ELCAsset.m */; };
		50CE7732194A6CFA006E83F3 /* ELCAssetCell.m in Sources */ = {isa = PBXBuildFile; fileRef = 50CE7723194A6CFA006E83F3 /* ELCAssetCell.m */; };
		50CE7733194A6CFA006E83F3 /* ELCAssetTablePicker.m in Sources */ = {isa = PBXBuildFile; fileRef = 50CE7727194A6CFA006E83F3 /* ELCAssetTablePicker.m */; };
		50CE7734194A6CFA006E83F3 /* ELCImagePickerController.m in Sources */ = {isa = PBXBuildFile; fileRef = 50CE7729194A6CFA006E83F3 /* ELCImagePickerController.m */; };
		50CE7735194A6CFA006E83F3 /* ELCAlbumPickerController.xib in Resources */ = {isa = PBXBuildFile; fileRef = 50CE772B194A6CFA006E83F3 /* ELCAlbumPickerController.xib */; };
		50CE7736194A6CFA006E83F3 /* ELCAssetPicker.xib in Resources */ = {isa = PBXBuildFile; fileRef = 50CE772C194A6CFA006E83F3 /* ELCAssetPicker.xib */; };
		50CE7737194A6CFA006E83F3 /* ELCAssetTablePicker.xib in Resources */ = {isa = PBXBuildFile; fileRef = 50CE772D194A6CFA006E83F3 /* ELCAssetTablePicker.xib */; };
		50CE7738194A6CFA006E83F3 /* Overlay.png in Resources */ = {isa = PBXBuildFile; fileRef = 50CE772E194A6CFA006E83F3 /* Overlay.png */; };
		50CE7739194A6CFA006E83F3 /* Overlay@2x.png in Resources */ = {isa = PBXBuildFile; fileRef = 50CE772F194A6CFA006E83F3 /* Overlay@2x.png */; };
		50D36B9819560EED0048CCA6 /* AvatarCollectionViewFlowLayout.m in Sources */ = {isa = PBXBuildFile; fileRef = 50D36B9719560EED0048CCA6 /* AvatarCollectionViewFlowLayout.m */; };
		50D36B9B19560FAB0048CCA6 /* ImageCollectionViewCell.m in Sources */ = {isa = PBXBuildFile; fileRef = 50D36B9A19560FAB0048CCA6 /* ImageCollectionViewCell.m */; };
		50EFFD28194D2D0E00A4C212 /* UITextView+Utilities.m in Sources */ = {isa = PBXBuildFile; fileRef = 50EFFD27194D2D0E00A4C212 /* UITextView+Utilities.m */; };
		50F3304418D1411300A0878D /* CommentStatusViewController.m in Sources */ = {isa = PBXBuildFile; fileRef = 50F3304318D1411300A0878D /* CommentStatusViewController.m */; };
		50F5264518D7CCE500091953 /* MessageUI.framework in Frameworks */ = {isa = PBXBuildFile; fileRef = 50F5264418D7CCE500091953 /* MessageUI.framework */; };
		50FCEA0D187B68C3000A91AF /* StatusViewController.m in Sources */ = {isa = PBXBuildFile; fileRef = 50FCEA0C187B68C3000A91AF /* StatusViewController.m */; };
		50FE569E18E2610A00B85B35 /* NoDelayButton.m in Sources */ = {isa = PBXBuildFile; fileRef = 50FE569D18E2610A00B85B35 /* NoDelayButton.m */; };
		6522693B18AECB2B004ABEDC /* FriendQuestViewController.m in Sources */ = {isa = PBXBuildFile; fileRef = 6522693A18AECB2B004ABEDC /* FriendQuestViewController.m */; };
		6522693E18AED82C004ABEDC /* FriendQuestTableViewCell.m in Sources */ = {isa = PBXBuildFile; fileRef = 6522693D18AED82C004ABEDC /* FriendQuestTableViewCell.m */; };
		653ACDE618510BEE007B9A47 /* PaperClip-512.png in Resources */ = {isa = PBXBuildFile; fileRef = 653ACDE518510BEE007B9A47 /* PaperClip-512.png */; };
		653ACDF118525405007B9A47 /* ComposeStatusPhotoCollectionViewCell.m in Sources */ = {isa = PBXBuildFile; fileRef = 653ACDF018525405007B9A47 /* ComposeStatusPhotoCollectionViewCell.m */; };
		653ACE391859139B007B9A47 /* setting_icon.png in Resources */ = {isa = PBXBuildFile; fileRef = 653ACE381859139B007B9A47 /* setting_icon.png */; };
		653ACE42185926FD007B9A47 /* ExpirationTimePickerViewController.m in Sources */ = {isa = PBXBuildFile; fileRef = 653ACE40185926FD007B9A47 /* ExpirationTimePickerViewController.m */; };
		653ACE43185926FD007B9A47 /* ExpirationTimePickerViewController.xib in Resources */ = {isa = PBXBuildFile; fileRef = 653ACE41185926FD007B9A47 /* ExpirationTimePickerViewController.xib */; };
		65409F6E18BE66B100589F66 /* Message.m in Sources */ = {isa = PBXBuildFile; fileRef = 65409F6D18BE66B100589F66 /* Message.m */; };
		65409F7118BE855300589F66 /* Message+Utilities.m in Sources */ = {isa = PBXBuildFile; fileRef = 65409F7018BE855300589F66 /* Message+Utilities.m */; };
		65409F7818BE95C200589F66 /* ViewMessageViewController.m in Sources */ = {isa = PBXBuildFile; fileRef = 65409F7718BE95C200589F66 /* ViewMessageViewController.m */; };
		65413CDB1843990200543C1A /* Foundation.framework in Frameworks */ = {isa = PBXBuildFile; fileRef = 65413CDA1843990200543C1A /* Foundation.framework */; };
		65413CDD1843990200543C1A /* CoreGraphics.framework in Frameworks */ = {isa = PBXBuildFile; fileRef = 65413CDC1843990200543C1A /* CoreGraphics.framework */; };
		65413CDF1843990200543C1A /* UIKit.framework in Frameworks */ = {isa = PBXBuildFile; fileRef = 65413CDE1843990200543C1A /* UIKit.framework */; };
		65413CE51843990200543C1A /* InfoPlist.strings in Resources */ = {isa = PBXBuildFile; fileRef = 65413CE31843990200543C1A /* InfoPlist.strings */; };
		65413CE71843990200543C1A /* main.m in Sources */ = {isa = PBXBuildFile; fileRef = 65413CE61843990200543C1A /* main.m */; };
		65413CEB1843990200543C1A /* AppDelegate.m in Sources */ = {isa = PBXBuildFile; fileRef = 65413CEA1843990200543C1A /* AppDelegate.m */; };
		65413CEE1843990200543C1A /* Main_iPhone.storyboard in Resources */ = {isa = PBXBuildFile; fileRef = 65413CEC1843990200543C1A /* Main_iPhone.storyboard */; };
		65413CF11843990200543C1A /* Main_iPad.storyboard in Resources */ = {isa = PBXBuildFile; fileRef = 65413CEF1843990200543C1A /* Main_iPad.storyboard */; };
		65413CF41843990200543C1A /* LogInViewController.m in Sources */ = {isa = PBXBuildFile; fileRef = 65413CF31843990200543C1A /* LogInViewController.m */; };
		65413CF61843990200543C1A /* Images.xcassets in Resources */ = {isa = PBXBuildFile; fileRef = 65413CF51843990200543C1A /* Images.xcassets */; };
		65413CFD1843990200543C1A /* XCTest.framework in Frameworks */ = {isa = PBXBuildFile; fileRef = 65413CFC1843990200543C1A /* XCTest.framework */; };
		65413CFE1843990200543C1A /* Foundation.framework in Frameworks */ = {isa = PBXBuildFile; fileRef = 65413CDA1843990200543C1A /* Foundation.framework */; };
		65413CFF1843990200543C1A /* UIKit.framework in Frameworks */ = {isa = PBXBuildFile; fileRef = 65413CDE1843990200543C1A /* UIKit.framework */; };
		65413D071843990200543C1A /* InfoPlist.strings in Resources */ = {isa = PBXBuildFile; fileRef = 65413D051843990200543C1A /* InfoPlist.strings */; };
		65413D091843990200543C1A /* FastPostTests.m in Sources */ = {isa = PBXBuildFile; fileRef = 65413D081843990200543C1A /* FastPostTests.m */; };
		65413D171843B6EF00543C1A /* StatusTableViewCell.m in Sources */ = {isa = PBXBuildFile; fileRef = 65413D161843B6EF00543C1A /* StatusTableViewCell.m */; };
		65413D2E184641B800543C1A /* AudioToolbox.framework in Frameworks */ = {isa = PBXBuildFile; fileRef = 65413D2D184641B800543C1A /* AudioToolbox.framework */; };
		65413D30184641BD00543C1A /* CFNetwork.framework in Frameworks */ = {isa = PBXBuildFile; fileRef = 65413D2F184641BD00543C1A /* CFNetwork.framework */; };
		65413D32184641C900543C1A /* CoreLocation.framework in Frameworks */ = {isa = PBXBuildFile; fileRef = 65413D31184641C900543C1A /* CoreLocation.framework */; };
		65413D34184641D400543C1A /* libz.1.1.3.dylib in Frameworks */ = {isa = PBXBuildFile; fileRef = 65413D33184641D400543C1A /* libz.1.1.3.dylib */; };
		65413D36184641DC00543C1A /* MobileCoreServices.framework in Frameworks */ = {isa = PBXBuildFile; fileRef = 65413D35184641DC00543C1A /* MobileCoreServices.framework */; };
		65413D38184641E100543C1A /* QuartzCore.framework in Frameworks */ = {isa = PBXBuildFile; fileRef = 65413D37184641E100543C1A /* QuartzCore.framework */; };
		65413D3A184641E700543C1A /* Security.framework in Frameworks */ = {isa = PBXBuildFile; fileRef = 65413D39184641E700543C1A /* Security.framework */; };
		65413D3C184641EC00543C1A /* StoreKit.framework in Frameworks */ = {isa = PBXBuildFile; fileRef = 65413D3B184641EC00543C1A /* StoreKit.framework */; };
		65413D3E184641F800543C1A /* SystemConfiguration.framework in Frameworks */ = {isa = PBXBuildFile; fileRef = 65413D3D184641F800543C1A /* SystemConfiguration.framework */; };
		654D67B718844F4B00FEE901 /* yes.png in Resources */ = {isa = PBXBuildFile; fileRef = 654D67B618844F4B00FEE901 /* yes.png */; };
		65570C85188862EE006759C6 /* Parse.framework in Frameworks */ = {isa = PBXBuildFile; fileRef = 65570C84188862EE006759C6 /* Parse.framework */; };
		658AA5B1184CD12E0097383B /* UIImage+ImageEffects.m in Sources */ = {isa = PBXBuildFile; fileRef = 658AA5B0184CD12E0097383B /* UIImage+ImageEffects.m */; };
		658AA5B4184CD1730097383B /* UIView+ViewBlurEffect.m in Sources */ = {isa = PBXBuildFile; fileRef = 658AA5B3184CD1730097383B /* UIView+ViewBlurEffect.m */; };
		658AA5B8184E70480097383B /* default-user-icon-profile.png in Resources */ = {isa = PBXBuildFile; fileRef = 658AA5B7184E70480097383B /* default-user-icon-profile.png */; };
		658AA5C0184E886A0097383B /* placeholder_picture.png in Resources */ = {isa = PBXBuildFile; fileRef = 658AA5BF184E886A0097383B /* placeholder_picture.png */; };
		658AA5C2184E887E0097383B /* placeholder_picture@2x.png in Resources */ = {isa = PBXBuildFile; fileRef = 658AA5C1184E887E0097383B /* placeholder_picture@2x.png */; };
		658AA5C8184F95420097383B /* StatusTableViewHeaderViewController.m in Sources */ = {isa = PBXBuildFile; fileRef = 658AA5C6184F95420097383B /* StatusTableViewHeaderViewController.m */; };
		658AA5C9184F95420097383B /* StatusTableViewHeaderViewController.xib in Resources */ = {isa = PBXBuildFile; fileRef = 658AA5C7184F95420097383B /* StatusTableViewHeaderViewController.xib */; };
		658AA5CB184F963E0097383B /* clock.png in Resources */ = {isa = PBXBuildFile; fileRef = 658AA5CA184F963E0097383B /* clock.png */; };
		658AA5D3184FADFB0097383B /* ComposeNewStatusViewController.m in Sources */ = {isa = PBXBuildFile; fileRef = 658AA5D2184FADFB0097383B /* ComposeNewStatusViewController.m */; };
		65A8B09818CA7AE000C46DD6 /* NotificatonViewController.m in Sources */ = {isa = PBXBuildFile; fileRef = 65A8B09718CA7AE000C46DD6 /* NotificatonViewController.m */; };
		65C6087918721E46006C1899 /* time_add@2x.png in Resources */ = {isa = PBXBuildFile; fileRef = 65C6087718721E46006C1899 /* time_add@2x.png */; };
		65C6087A18721E46006C1899 /* time_add.png in Resources */ = {isa = PBXBuildFile; fileRef = 65C6087818721E46006C1899 /* time_add.png */; };
		65C6087C18731719006C1899 /* AssetsLibrary.framework in Frameworks */ = {isa = PBXBuildFile; fileRef = 65C6087B18731719006C1899 /* AssetsLibrary.framework */; };
/* End PBXBuildFile section */

/* Begin PBXContainerItemProxy section */
		65413D001843990200543C1A /* PBXContainerItemProxy */ = {
			isa = PBXContainerItemProxy;
			containerPortal = 65413CCF1843990200543C1A /* Project object */;
			proxyType = 1;
			remoteGlobalIDString = 65413CD61843990200543C1A;
			remoteInfo = FastPost;
		};
/* End PBXContainerItemProxy section */

/* Begin PBXFileReference section */
		34113DBD193AC72C00CA9F50 /* Header.h */ = {isa = PBXFileReference; lastKnownFileType = sourcecode.c.h; path = Header.h; sourceTree = "<group>"; };
		5006245D194D121C003A2922 /* CommentTableViewCell.h */ = {isa = PBXFileReference; fileEncoding = 4; lastKnownFileType = sourcecode.c.h; path = CommentTableViewCell.h; sourceTree = "<group>"; };
		5006245E194D121C003A2922 /* CommentTableViewCell.m */ = {isa = PBXFileReference; fileEncoding = 4; lastKnownFileType = sourcecode.c.objc; path = CommentTableViewCell.m; sourceTree = "<group>"; };
		501F603C1875AE3A00B26F65 /* CRFilter.h */ = {isa = PBXFileReference; fileEncoding = 4; lastKnownFileType = sourcecode.c.h; path = CRFilter.h; sourceTree = "<group>"; };
		501F603D1875AE3A00B26F65 /* Crittercism.h */ = {isa = PBXFileReference; fileEncoding = 4; lastKnownFileType = sourcecode.c.h; path = Crittercism.h; sourceTree = "<group>"; };
		501F603E1875AE3A00B26F65 /* CrittercismDelegate.h */ = {isa = PBXFileReference; fileEncoding = 4; lastKnownFileType = sourcecode.c.h; path = CrittercismDelegate.h; sourceTree = "<group>"; };
		501F603F1875AE3A00B26F65 /* dsym_upload.sh */ = {isa = PBXFileReference; fileEncoding = 4; lastKnownFileType = text.script.sh; path = dsym_upload.sh; sourceTree = "<group>"; };
		501F60401875AE3A00B26F65 /* libCrittercism_v4_3_0.a */ = {isa = PBXFileReference; lastKnownFileType = archive.ar; path = libCrittercism_v4_3_0.a; sourceTree = "<group>"; };
		501FD868197A1E3D00BD587B /* camera.png */ = {isa = PBXFileReference; lastKnownFileType = image.png; path = camera.png; sourceTree = "<group>"; };
		501FD86A197A1EAE00BD587B /* revive.png */ = {isa = PBXFileReference; lastKnownFileType = image.png; path = revive.png; sourceTree = "<group>"; };
		501FD86C197A1F0E00BD587B /* settings.png */ = {isa = PBXFileReference; lastKnownFileType = image.png; path = settings.png; sourceTree = "<group>"; };
		50200C3218CFE037003CEBBE /* DataModel 2.xcdatamodel */ = {isa = PBXFileReference; lastKnownFileType = wrapper.xcdatamodel; path = "DataModel 2.xcdatamodel"; sourceTree = "<group>"; };
		50200C4218CFE365003CEBBE /* Status.h */ = {isa = PBXFileReference; fileEncoding = 4; lastKnownFileType = sourcecode.c.h; path = Status.h; sourceTree = "<group>"; };
		50200C4318CFE365003CEBBE /* Status.m */ = {isa = PBXFileReference; fileEncoding = 4; lastKnownFileType = sourcecode.c.objc; path = Status.m; sourceTree = "<group>"; };
		50275F75186F22E200CD9680 /* icon.png */ = {isa = PBXFileReference; lastKnownFileType = image.png; path = icon.png; sourceTree = "<group>"; };
		502C6A4518E8BD800047EA49 /* FPLogger.h */ = {isa = PBXFileReference; fileEncoding = 4; lastKnownFileType = sourcecode.c.h; path = FPLogger.h; sourceTree = "<group>"; };
		502C6A4618E8BD800047EA49 /* FPLogger.m */ = {isa = PBXFileReference; fileEncoding = 4; lastKnownFileType = sourcecode.c.objc; path = FPLogger.m; sourceTree = "<group>"; };
		502FFD991953C78C00085826 /* SpinnerImageView.h */ = {isa = PBXFileReference; fileEncoding = 4; lastKnownFileType = sourcecode.c.h; path = SpinnerImageView.h; sourceTree = "<group>"; };
		502FFD9A1953C78C00085826 /* SpinnerImageView.m */ = {isa = PBXFileReference; fileEncoding = 4; lastKnownFileType = sourcecode.c.objc; path = SpinnerImageView.m; sourceTree = "<group>"; };
		5034EEAD18A7D09F00DBDCCF /* MessageTableViewCell.h */ = {isa = PBXFileReference; fileEncoding = 4; lastKnownFileType = sourcecode.c.h; path = MessageTableViewCell.h; sourceTree = "<group>"; };
		5034EEAE18A7D09F00DBDCCF /* MessageTableViewCell.m */ = {isa = PBXFileReference; fileEncoding = 4; lastKnownFileType = sourcecode.c.objc; path = MessageTableViewCell.m; sourceTree = "<group>"; };
		5034EEB018A7D48100DBDCCF /* MessageTableViewViewController.h */ = {isa = PBXFileReference; fileEncoding = 4; lastKnownFileType = sourcecode.c.h; path = MessageTableViewViewController.h; sourceTree = "<group>"; };
		5034EEB118A7D48100DBDCCF /* MessageTableViewViewController.m */ = {isa = PBXFileReference; fileEncoding = 4; lastKnownFileType = sourcecode.c.objc; path = MessageTableViewViewController.m; sourceTree = "<group>"; };
		5034EEB418A7E2CD00DBDCCF /* DataModel.xcdatamodel */ = {isa = PBXFileReference; lastKnownFileType = wrapper.xcdatamodel; path = DataModel.xcdatamodel; sourceTree = "<group>"; };
		5034EEFE18A7E7FC00DBDCCF /* SharedDataManager.h */ = {isa = PBXFileReference; fileEncoding = 4; lastKnownFileType = sourcecode.c.h; path = SharedDataManager.h; sourceTree = "<group>"; };
		5034EEFF18A7E7FC00DBDCCF /* SharedDataManager.m */ = {isa = PBXFileReference; fileEncoding = 4; lastKnownFileType = sourcecode.c.objc; path = SharedDataManager.m; sourceTree = "<group>"; };
		5034EF0118A7E9AB00DBDCCF /* CoreData.framework */ = {isa = PBXFileReference; lastKnownFileType = wrapper.framework; name = CoreData.framework; path = System/Library/Frameworks/CoreData.framework; sourceTree = SDKROOT; };
		5034EF0318A8061200DBDCCF /* ComposeNewMessageViewController.h */ = {isa = PBXFileReference; fileEncoding = 4; lastKnownFileType = sourcecode.c.h; path = ComposeNewMessageViewController.h; sourceTree = "<group>"; };
		5034EF0418A8061200DBDCCF /* ComposeNewMessageViewController.m */ = {isa = PBXFileReference; fileEncoding = 4; lastKnownFileType = sourcecode.c.objc; path = ComposeNewMessageViewController.m; sourceTree = "<group>"; };
		5039DA8218CFEE37000DF268 /* StatusObject.h */ = {isa = PBXFileReference; fileEncoding = 4; lastKnownFileType = sourcecode.c.h; path = StatusObject.h; sourceTree = "<group>"; };
		5039DA8318CFEE37000DF268 /* StatusObject.m */ = {isa = PBXFileReference; fileEncoding = 4; lastKnownFileType = sourcecode.c.objc; path = StatusObject.m; sourceTree = "<group>"; };
		5039DA8618D11FC4000DF268 /* comment_icon.png */ = {isa = PBXFileReference; lastKnownFileType = image.png; path = comment_icon.png; sourceTree = "<group>"; };
		5039DA8B18D1204C000DF268 /* comment_icon@2x.png */ = {isa = PBXFileReference; lastKnownFileType = image.png; path = "comment_icon@2x.png"; sourceTree = "<group>"; };
		503A980D188381C7000892B8 /* Log.h */ = {isa = PBXFileReference; fileEncoding = 4; lastKnownFileType = sourcecode.c.h; path = Log.h; sourceTree = "<group>"; };
		503CABD618739318006BBF51 /* FacebookSDK.framework */ = {isa = PBXFileReference; lastKnownFileType = wrapper.framework; name = FacebookSDK.framework; path = FacebookSDK/FacebookSDK.framework; sourceTree = "<group>"; };
		503CABDE18739751006BBF51 /* butterfly-green-blue.png */ = {isa = PBXFileReference; lastKnownFileType = image.png; path = "butterfly-green-blue.png"; sourceTree = "<group>"; };
		503FE457194DD72300FD297D /* LoadingTableViewCell.h */ = {isa = PBXFileReference; fileEncoding = 4; lastKnownFileType = sourcecode.c.h; path = LoadingTableViewCell.h; sourceTree = "<group>"; };
		503FE458194DD72300FD297D /* LoadingTableViewCell.m */ = {isa = PBXFileReference; fileEncoding = 4; lastKnownFileType = sourcecode.c.objc; path = LoadingTableViewCell.m; sourceTree = "<group>"; };
		50424F8C18C952EB00F7D826 /* TabBarViewController.h */ = {isa = PBXFileReference; fileEncoding = 4; lastKnownFileType = sourcecode.c.h; path = TabBarViewController.h; sourceTree = "<group>"; };
		50424F8D18C952EB00F7D826 /* TabBarViewController.m */ = {isa = PBXFileReference; fileEncoding = 4; lastKnownFileType = sourcecode.c.objc; path = TabBarViewController.m; sourceTree = "<group>"; };
		5054C90618BA68C60044CB5F /* add_friend.png */ = {isa = PBXFileReference; lastKnownFileType = image.png; path = add_friend.png; sourceTree = "<group>"; };
		5054C90818BA68CD0044CB5F /* add_friend@2x.png */ = {isa = PBXFileReference; lastKnownFileType = image.png; path = "add_friend@2x.png"; sourceTree = "<group>"; };
		5054C90A18BA68E10044CB5F /* compose_icon@2x.png */ = {isa = PBXFileReference; lastKnownFileType = image.png; path = "compose_icon@2x.png"; sourceTree = "<group>"; };
		5054C90B18BA68E10044CB5F /* revine_icon.png */ = {isa = PBXFileReference; lastKnownFileType = image.png; path = revine_icon.png; sourceTree = "<group>"; };
		5054C90C18BA68E10044CB5F /* revine_icon@2x.png */ = {isa = PBXFileReference; lastKnownFileType = image.png; path = "revine_icon@2x.png"; sourceTree = "<group>"; };
		5054C90D18BA68E10044CB5F /* search_icon.png */ = {isa = PBXFileReference; lastKnownFileType = image.png; path = search_icon.png; sourceTree = "<group>"; };
		5054C90E18BA68E10044CB5F /* search_icon@2x.png */ = {isa = PBXFileReference; lastKnownFileType = image.png; path = "search_icon@2x.png"; sourceTree = "<group>"; };
		5054C91418BA68F50044CB5F /* compose_icon.png */ = {isa = PBXFileReference; lastKnownFileType = image.png; path = compose_icon.png; sourceTree = "<group>"; };
		5054C91A18BA6B9F0044CB5F /* message_tab.png */ = {isa = PBXFileReference; lastKnownFileType = image.png; path = message_tab.png; sourceTree = "<group>"; };
		5054C91C18BA6BBA0044CB5F /* message_tab@2x.png */ = {isa = PBXFileReference; lastKnownFileType = image.png; path = "message_tab@2x.png"; sourceTree = "<group>"; };
		5054C91E18BA6C1B0044CB5F /* notification_tab@2x.png */ = {isa = PBXFileReference; lastKnownFileType = image.png; path = "notification_tab@2x.png"; sourceTree = "<group>"; };
		5054C91F18BA6C1B0044CB5F /* notification_tab.png */ = {isa = PBXFileReference; lastKnownFileType = image.png; path = notification_tab.png; sourceTree = "<group>"; };
		5054C92018BA6C1B0044CB5F /* profile_tab@2x.png */ = {isa = PBXFileReference; lastKnownFileType = image.png; path = "profile_tab@2x.png"; sourceTree = "<group>"; };
		5054C92118BA6C1B0044CB5F /* profile_tab.png */ = {isa = PBXFileReference; lastKnownFileType = image.png; path = profile_tab.png; sourceTree = "<group>"; };
		5054C92218BA6C1B0044CB5F /* feed_tab@2x.png */ = {isa = PBXFileReference; lastKnownFileType = image.png; path = "feed_tab@2x.png"; sourceTree = "<group>"; };
		5054C92318BA6C1B0044CB5F /* feed_tab.png */ = {isa = PBXFileReference; lastKnownFileType = image.png; path = feed_tab.png; sourceTree = "<group>"; };
		5054C92A18BA6D060044CB5F /* like_icon.png */ = {isa = PBXFileReference; lastKnownFileType = image.png; path = like_icon.png; sourceTree = "<group>"; };
		5054C92B18BA6D060044CB5F /* like_icon@2x.png */ = {isa = PBXFileReference; lastKnownFileType = image.png; path = "like_icon@2x.png"; sourceTree = "<group>"; };
		5054C93618BC41750044CB5F /* wordLogo.png */ = {isa = PBXFileReference; lastKnownFileType = image.png; path = wordLogo.png; sourceTree = "<group>"; };
		5054C93918BC46230044CB5F /* SignUpViewController.h */ = {isa = PBXFileReference; fileEncoding = 4; lastKnownFileType = sourcecode.c.h; path = SignUpViewController.h; sourceTree = "<group>"; };
		5054C93A18BC46230044CB5F /* SignUpViewController.m */ = {isa = PBXFileReference; fileEncoding = 4; lastKnownFileType = sourcecode.c.objc; path = SignUpViewController.m; sourceTree = "<group>"; };
		507F61411882EEF000B57DDA /* share.png */ = {isa = PBXFileReference; lastKnownFileType = image.png; path = share.png; sourceTree = "<group>"; };
		507F61421882EEF000B57DDA /* comment.png */ = {isa = PBXFileReference; lastKnownFileType = image.png; path = comment.png; sourceTree = "<group>"; };
		507F61431882EEF000B57DDA /* like.png */ = {isa = PBXFileReference; lastKnownFileType = image.png; path = like.png; sourceTree = "<group>"; };
		507F614A1883594F00B57DDA /* Helper.h */ = {isa = PBXFileReference; fileEncoding = 4; lastKnownFileType = sourcecode.c.h; path = Helper.h; sourceTree = "<group>"; };
		507F614B1883594F00B57DDA /* Helper.m */ = {isa = PBXFileReference; fileEncoding = 4; lastKnownFileType = sourcecode.c.objc; path = Helper.m; sourceTree = "<group>"; };
		50931A731964B36F005B3782 /* ZoomCollectionViewCell.h */ = {isa = PBXFileReference; fileEncoding = 4; lastKnownFileType = sourcecode.c.h; path = ZoomCollectionViewCell.h; sourceTree = "<group>"; };
		50931A741964B36F005B3782 /* ZoomCollectionViewCell.m */ = {isa = PBXFileReference; fileEncoding = 4; lastKnownFileType = sourcecode.c.objc; path = ZoomCollectionViewCell.m; sourceTree = "<group>"; };
		50931A761964B39E005B3782 /* FullImageViewController.h */ = {isa = PBXFileReference; fileEncoding = 4; lastKnownFileType = sourcecode.c.h; path = FullImageViewController.h; sourceTree = "<group>"; };
		50931A771964B39E005B3782 /* FullImageViewController.m */ = {isa = PBXFileReference; fileEncoding = 4; lastKnownFileType = sourcecode.c.objc; path = FullImageViewController.m; sourceTree = "<group>"; };
		509CB820187CE6D8009E9A9F /* ProfileViewController.h */ = {isa = PBXFileReference; fileEncoding = 4; lastKnownFileType = sourcecode.c.h; path = ProfileViewController.h; sourceTree = "<group>"; };
		509CB821187CE6D8009E9A9F /* ProfileViewController.m */ = {isa = PBXFileReference; fileEncoding = 4; lastKnownFileType = sourcecode.c.objc; path = ProfileViewController.m; sourceTree = "<group>"; };
		50B31CCD18861B1700A9CDD3 /* BaseViewControllerWithStatusTableView.h */ = {isa = PBXFileReference; fileEncoding = 4; lastKnownFileType = sourcecode.c.h; path = BaseViewControllerWithStatusTableView.h; sourceTree = "<group>"; };
		50B31CCE18861B1700A9CDD3 /* BaseViewControllerWithStatusTableView.m */ = {isa = PBXFileReference; fileEncoding = 4; lastKnownFileType = sourcecode.c.objc; path = BaseViewControllerWithStatusTableView.m; sourceTree = "<group>"; };
		50B55340199BFE23005211C6 /* DetailedSocialNetworkTableViewController.h */ = {isa = PBXFileReference; fileEncoding = 4; lastKnownFileType = sourcecode.c.h; path = DetailedSocialNetworkTableViewController.h; sourceTree = "<group>"; };
		50B55341199BFE23005211C6 /* DetailedSocialNetworkTableViewController.m */ = {isa = PBXFileReference; fileEncoding = 4; lastKnownFileType = sourcecode.c.objc; path = DetailedSocialNetworkTableViewController.m; sourceTree = "<group>"; };
		50CE771A19491EB5006E83F3 /* PressAndHoldGesture.m */ = {isa = PBXFileReference; fileEncoding = 4; lastKnownFileType = sourcecode.c.objc; path = PressAndHoldGesture.m; sourceTree = "<group>"; };
		50CE771B19491EB5006E83F3 /* PressAndHoldGesture.h */ = {isa = PBXFileReference; fileEncoding = 4; lastKnownFileType = sourcecode.c.h; path = PressAndHoldGesture.h; sourceTree = "<group>"; };
		50CE771E194A6CFA006E83F3 /* ELCAlbumPickerController.h */ = {isa = PBXFileReference; fileEncoding = 4; lastKnownFileType = sourcecode.c.h; path = ELCAlbumPickerController.h; sourceTree = "<group>"; };
		50CE771F194A6CFA006E83F3 /* ELCAlbumPickerController.m */ = {isa = PBXFileReference; fileEncoding = 4; lastKnownFileType = sourcecode.c.objc; path = ELCAlbumPickerController.m; sourceTree = "<group>"; };
		50CE7720194A6CFA006E83F3 /* ELCAsset.h */ = {isa = PBXFileReference; fileEncoding = 4; lastKnownFileType = sourcecode.c.h; path = ELCAsset.h; sourceTree = "<group>"; };
		50CE7721194A6CFA006E83F3 /* ELCAsset.m */ = {isa = PBXFileReference; fileEncoding = 4; lastKnownFileType = sourcecode.c.objc; path = ELCAsset.m; sourceTree = "<group>"; };
		50CE7722194A6CFA006E83F3 /* ELCAssetCell.h */ = {isa = PBXFileReference; fileEncoding = 4; lastKnownFileType = sourcecode.c.h; path = ELCAssetCell.h; sourceTree = "<group>"; };
		50CE7723194A6CFA006E83F3 /* ELCAssetCell.m */ = {isa = PBXFileReference; fileEncoding = 4; lastKnownFileType = sourcecode.c.objc; path = ELCAssetCell.m; sourceTree = "<group>"; };
		50CE7724194A6CFA006E83F3 /* ELCAssetPickerFilterDelegate.h */ = {isa = PBXFileReference; fileEncoding = 4; lastKnownFileType = sourcecode.c.h; path = ELCAssetPickerFilterDelegate.h; sourceTree = "<group>"; };
		50CE7725194A6CFA006E83F3 /* ELCAssetSelectionDelegate.h */ = {isa = PBXFileReference; fileEncoding = 4; lastKnownFileType = sourcecode.c.h; path = ELCAssetSelectionDelegate.h; sourceTree = "<group>"; };
		50CE7726194A6CFA006E83F3 /* ELCAssetTablePicker.h */ = {isa = PBXFileReference; fileEncoding = 4; lastKnownFileType = sourcecode.c.h; path = ELCAssetTablePicker.h; sourceTree = "<group>"; };
		50CE7727194A6CFA006E83F3 /* ELCAssetTablePicker.m */ = {isa = PBXFileReference; fileEncoding = 4; lastKnownFileType = sourcecode.c.objc; path = ELCAssetTablePicker.m; sourceTree = "<group>"; };
		50CE7728194A6CFA006E83F3 /* ELCImagePickerController.h */ = {isa = PBXFileReference; fileEncoding = 4; lastKnownFileType = sourcecode.c.h; path = ELCImagePickerController.h; sourceTree = "<group>"; };
		50CE7729194A6CFA006E83F3 /* ELCImagePickerController.m */ = {isa = PBXFileReference; fileEncoding = 4; lastKnownFileType = sourcecode.c.objc; path = ELCImagePickerController.m; sourceTree = "<group>"; };
		50CE772B194A6CFA006E83F3 /* ELCAlbumPickerController.xib */ = {isa = PBXFileReference; fileEncoding = 4; lastKnownFileType = file.xib; path = ELCAlbumPickerController.xib; sourceTree = "<group>"; };
		50CE772C194A6CFA006E83F3 /* ELCAssetPicker.xib */ = {isa = PBXFileReference; fileEncoding = 4; lastKnownFileType = file.xib; path = ELCAssetPicker.xib; sourceTree = "<group>"; };
		50CE772D194A6CFA006E83F3 /* ELCAssetTablePicker.xib */ = {isa = PBXFileReference; fileEncoding = 4; lastKnownFileType = file.xib; path = ELCAssetTablePicker.xib; sourceTree = "<group>"; };
		50CE772E194A6CFA006E83F3 /* Overlay.png */ = {isa = PBXFileReference; lastKnownFileType = image.png; path = Overlay.png; sourceTree = "<group>"; };
		50CE772F194A6CFA006E83F3 /* Overlay@2x.png */ = {isa = PBXFileReference; lastKnownFileType = image.png; path = "Overlay@2x.png"; sourceTree = "<group>"; };
		50D36B9619560EED0048CCA6 /* AvatarCollectionViewFlowLayout.h */ = {isa = PBXFileReference; fileEncoding = 4; lastKnownFileType = sourcecode.c.h; path = AvatarCollectionViewFlowLayout.h; sourceTree = "<group>"; };
		50D36B9719560EED0048CCA6 /* AvatarCollectionViewFlowLayout.m */ = {isa = PBXFileReference; fileEncoding = 4; lastKnownFileType = sourcecode.c.objc; path = AvatarCollectionViewFlowLayout.m; sourceTree = "<group>"; };
		50D36B9919560FAB0048CCA6 /* ImageCollectionViewCell.h */ = {isa = PBXFileReference; fileEncoding = 4; lastKnownFileType = sourcecode.c.h; path = ImageCollectionViewCell.h; sourceTree = "<group>"; };
		50D36B9A19560FAB0048CCA6 /* ImageCollectionViewCell.m */ = {isa = PBXFileReference; fileEncoding = 4; lastKnownFileType = sourcecode.c.objc; path = ImageCollectionViewCell.m; sourceTree = "<group>"; };
		50EFFD26194D2D0E00A4C212 /* UITextView+Utilities.h */ = {isa = PBXFileReference; fileEncoding = 4; lastKnownFileType = sourcecode.c.h; path = "UITextView+Utilities.h"; sourceTree = "<group>"; };
		50EFFD27194D2D0E00A4C212 /* UITextView+Utilities.m */ = {isa = PBXFileReference; fileEncoding = 4; lastKnownFileType = sourcecode.c.objc; path = "UITextView+Utilities.m"; sourceTree = "<group>"; };
		50F3304218D1411300A0878D /* CommentStatusViewController.h */ = {isa = PBXFileReference; fileEncoding = 4; lastKnownFileType = sourcecode.c.h; path = CommentStatusViewController.h; sourceTree = "<group>"; };
		50F3304318D1411300A0878D /* CommentStatusViewController.m */ = {isa = PBXFileReference; fileEncoding = 4; lastKnownFileType = sourcecode.c.objc; path = CommentStatusViewController.m; sourceTree = "<group>"; };
		50F5264418D7CCE500091953 /* MessageUI.framework */ = {isa = PBXFileReference; lastKnownFileType = wrapper.framework; name = MessageUI.framework; path = System/Library/Frameworks/MessageUI.framework; sourceTree = SDKROOT; };
		50FCEA0B187B68C3000A91AF /* StatusViewController.h */ = {isa = PBXFileReference; fileEncoding = 4; lastKnownFileType = sourcecode.c.h; path = StatusViewController.h; sourceTree = "<group>"; };
		50FCEA0C187B68C3000A91AF /* StatusViewController.m */ = {isa = PBXFileReference; fileEncoding = 4; lastKnownFileType = sourcecode.c.objc; path = StatusViewController.m; sourceTree = "<group>"; };
		50FE569C18E2610A00B85B35 /* NoDelayButton.h */ = {isa = PBXFileReference; fileEncoding = 4; lastKnownFileType = sourcecode.c.h; path = NoDelayButton.h; sourceTree = "<group>"; };
		50FE569D18E2610A00B85B35 /* NoDelayButton.m */ = {isa = PBXFileReference; fileEncoding = 4; lastKnownFileType = sourcecode.c.objc; path = NoDelayButton.m; sourceTree = "<group>"; };
		6522693918AECB2B004ABEDC /* FriendQuestViewController.h */ = {isa = PBXFileReference; fileEncoding = 4; lastKnownFileType = sourcecode.c.h; path = FriendQuestViewController.h; sourceTree = "<group>"; };
		6522693A18AECB2B004ABEDC /* FriendQuestViewController.m */ = {isa = PBXFileReference; fileEncoding = 4; lastKnownFileType = sourcecode.c.objc; path = FriendQuestViewController.m; sourceTree = "<group>"; };
		6522693C18AED82C004ABEDC /* FriendQuestTableViewCell.h */ = {isa = PBXFileReference; fileEncoding = 4; lastKnownFileType = sourcecode.c.h; path = FriendQuestTableViewCell.h; sourceTree = "<group>"; };
		6522693D18AED82C004ABEDC /* FriendQuestTableViewCell.m */ = {isa = PBXFileReference; fileEncoding = 4; lastKnownFileType = sourcecode.c.objc; path = FriendQuestTableViewCell.m; sourceTree = "<group>"; };
		653ACDE518510BEE007B9A47 /* PaperClip-512.png */ = {isa = PBXFileReference; lastKnownFileType = image.png; path = "PaperClip-512.png"; sourceTree = "<group>"; };
		653ACDEF18525405007B9A47 /* ComposeStatusPhotoCollectionViewCell.h */ = {isa = PBXFileReference; fileEncoding = 4; lastKnownFileType = sourcecode.c.h; path = ComposeStatusPhotoCollectionViewCell.h; sourceTree = "<group>"; };
		653ACDF018525405007B9A47 /* ComposeStatusPhotoCollectionViewCell.m */ = {isa = PBXFileReference; fileEncoding = 4; lastKnownFileType = sourcecode.c.objc; path = ComposeStatusPhotoCollectionViewCell.m; sourceTree = "<group>"; };
		653ACE2F18590B45007B9A47 /* ThingsToDo.h */ = {isa = PBXFileReference; lastKnownFileType = sourcecode.c.h; path = ThingsToDo.h; sourceTree = "<group>"; };
		653ACE381859139B007B9A47 /* setting_icon.png */ = {isa = PBXFileReference; lastKnownFileType = image.png; path = setting_icon.png; sourceTree = "<group>"; };
		653ACE3F185926FD007B9A47 /* ExpirationTimePickerViewController.h */ = {isa = PBXFileReference; fileEncoding = 4; lastKnownFileType = sourcecode.c.h; path = ExpirationTimePickerViewController.h; sourceTree = "<group>"; };
		653ACE40185926FD007B9A47 /* ExpirationTimePickerViewController.m */ = {isa = PBXFileReference; fileEncoding = 4; lastKnownFileType = sourcecode.c.objc; path = ExpirationTimePickerViewController.m; sourceTree = "<group>"; };
		653ACE41185926FD007B9A47 /* ExpirationTimePickerViewController.xib */ = {isa = PBXFileReference; fileEncoding = 4; lastKnownFileType = file.xib; path = ExpirationTimePickerViewController.xib; sourceTree = "<group>"; };
		65409F6C18BE66B100589F66 /* Message.h */ = {isa = PBXFileReference; fileEncoding = 4; lastKnownFileType = sourcecode.c.h; path = Message.h; sourceTree = "<group>"; };
		65409F6D18BE66B100589F66 /* Message.m */ = {isa = PBXFileReference; fileEncoding = 4; lastKnownFileType = sourcecode.c.objc; path = Message.m; sourceTree = "<group>"; };
		65409F6F18BE855300589F66 /* Message+Utilities.h */ = {isa = PBXFileReference; fileEncoding = 4; lastKnownFileType = sourcecode.c.h; path = "Message+Utilities.h"; sourceTree = "<group>"; };
		65409F7018BE855300589F66 /* Message+Utilities.m */ = {isa = PBXFileReference; fileEncoding = 4; lastKnownFileType = sourcecode.c.objc; path = "Message+Utilities.m"; sourceTree = "<group>"; };
		65409F7618BE95C200589F66 /* ViewMessageViewController.h */ = {isa = PBXFileReference; fileEncoding = 4; lastKnownFileType = sourcecode.c.h; path = ViewMessageViewController.h; sourceTree = "<group>"; };
		65409F7718BE95C200589F66 /* ViewMessageViewController.m */ = {isa = PBXFileReference; fileEncoding = 4; lastKnownFileType = sourcecode.c.objc; path = ViewMessageViewController.m; sourceTree = "<group>"; };
		65413CD71843990200543C1A /* dwndlr.app */ = {isa = PBXFileReference; explicitFileType = wrapper.application; includeInIndex = 0; path = dwndlr.app; sourceTree = BUILT_PRODUCTS_DIR; };
		65413CDA1843990200543C1A /* Foundation.framework */ = {isa = PBXFileReference; lastKnownFileType = wrapper.framework; name = Foundation.framework; path = System/Library/Frameworks/Foundation.framework; sourceTree = SDKROOT; };
		65413CDC1843990200543C1A /* CoreGraphics.framework */ = {isa = PBXFileReference; lastKnownFileType = wrapper.framework; name = CoreGraphics.framework; path = System/Library/Frameworks/CoreGraphics.framework; sourceTree = SDKROOT; };
		65413CDE1843990200543C1A /* UIKit.framework */ = {isa = PBXFileReference; lastKnownFileType = wrapper.framework; name = UIKit.framework; path = System/Library/Frameworks/UIKit.framework; sourceTree = SDKROOT; };
		65413CE21843990200543C1A /* FastPost-Info.plist */ = {isa = PBXFileReference; lastKnownFileType = text.plist.xml; path = "FastPost-Info.plist"; sourceTree = "<group>"; };
		65413CE41843990200543C1A /* en */ = {isa = PBXFileReference; lastKnownFileType = text.plist.strings; name = en; path = en.lproj/InfoPlist.strings; sourceTree = "<group>"; };
		65413CE61843990200543C1A /* main.m */ = {isa = PBXFileReference; lastKnownFileType = sourcecode.c.objc; path = main.m; sourceTree = "<group>"; };
		65413CE81843990200543C1A /* FastPost-Prefix.pch */ = {isa = PBXFileReference; lastKnownFileType = sourcecode.c.h; path = "FastPost-Prefix.pch"; sourceTree = "<group>"; };
		65413CE91843990200543C1A /* AppDelegate.h */ = {isa = PBXFileReference; lastKnownFileType = sourcecode.c.h; path = AppDelegate.h; sourceTree = "<group>"; };
		65413CEA1843990200543C1A /* AppDelegate.m */ = {isa = PBXFileReference; lastKnownFileType = sourcecode.c.objc; path = AppDelegate.m; sourceTree = "<group>"; };
		65413CED1843990200543C1A /* Base */ = {isa = PBXFileReference; lastKnownFileType = file.storyboard; name = Base; path = Base.lproj/Main_iPhone.storyboard; sourceTree = "<group>"; };
		65413CF01843990200543C1A /* Base */ = {isa = PBXFileReference; lastKnownFileType = file.storyboard; name = Base; path = Base.lproj/Main_iPad.storyboard; sourceTree = "<group>"; };
		65413CF21843990200543C1A /* LogInViewController.h */ = {isa = PBXFileReference; lastKnownFileType = sourcecode.c.h; path = LogInViewController.h; sourceTree = "<group>"; };
		65413CF31843990200543C1A /* LogInViewController.m */ = {isa = PBXFileReference; lastKnownFileType = sourcecode.c.objc; path = LogInViewController.m; sourceTree = "<group>"; };
		65413CF51843990200543C1A /* Images.xcassets */ = {isa = PBXFileReference; lastKnownFileType = folder.assetcatalog; path = Images.xcassets; sourceTree = "<group>"; };
		65413CFB1843990200543C1A /* FastPostTests.xctest */ = {isa = PBXFileReference; explicitFileType = wrapper.cfbundle; includeInIndex = 0; path = FastPostTests.xctest; sourceTree = BUILT_PRODUCTS_DIR; };
		65413CFC1843990200543C1A /* XCTest.framework */ = {isa = PBXFileReference; lastKnownFileType = wrapper.framework; name = XCTest.framework; path = Library/Frameworks/XCTest.framework; sourceTree = DEVELOPER_DIR; };
		65413D041843990200543C1A /* FastPostTests-Info.plist */ = {isa = PBXFileReference; lastKnownFileType = text.plist.xml; path = "FastPostTests-Info.plist"; sourceTree = "<group>"; };
		65413D061843990200543C1A /* en */ = {isa = PBXFileReference; lastKnownFileType = text.plist.strings; name = en; path = en.lproj/InfoPlist.strings; sourceTree = "<group>"; };
		65413D081843990200543C1A /* FastPostTests.m */ = {isa = PBXFileReference; lastKnownFileType = sourcecode.c.objc; path = FastPostTests.m; sourceTree = "<group>"; };
		65413D151843B6EF00543C1A /* StatusTableViewCell.h */ = {isa = PBXFileReference; fileEncoding = 4; lastKnownFileType = sourcecode.c.h; path = StatusTableViewCell.h; sourceTree = "<group>"; };
		65413D161843B6EF00543C1A /* StatusTableViewCell.m */ = {isa = PBXFileReference; fileEncoding = 4; lastKnownFileType = sourcecode.c.objc; path = StatusTableViewCell.m; sourceTree = "<group>"; };
		65413D2D184641B800543C1A /* AudioToolbox.framework */ = {isa = PBXFileReference; lastKnownFileType = wrapper.framework; name = AudioToolbox.framework; path = System/Library/Frameworks/AudioToolbox.framework; sourceTree = SDKROOT; };
		65413D2F184641BD00543C1A /* CFNetwork.framework */ = {isa = PBXFileReference; lastKnownFileType = wrapper.framework; name = CFNetwork.framework; path = System/Library/Frameworks/CFNetwork.framework; sourceTree = SDKROOT; };
		65413D31184641C900543C1A /* CoreLocation.framework */ = {isa = PBXFileReference; lastKnownFileType = wrapper.framework; name = CoreLocation.framework; path = System/Library/Frameworks/CoreLocation.framework; sourceTree = SDKROOT; };
		65413D33184641D400543C1A /* libz.1.1.3.dylib */ = {isa = PBXFileReference; lastKnownFileType = "compiled.mach-o.dylib"; name = libz.1.1.3.dylib; path = usr/lib/libz.1.1.3.dylib; sourceTree = SDKROOT; };
		65413D35184641DC00543C1A /* MobileCoreServices.framework */ = {isa = PBXFileReference; lastKnownFileType = wrapper.framework; name = MobileCoreServices.framework; path = System/Library/Frameworks/MobileCoreServices.framework; sourceTree = SDKROOT; };
		65413D37184641E100543C1A /* QuartzCore.framework */ = {isa = PBXFileReference; lastKnownFileType = wrapper.framework; name = QuartzCore.framework; path = System/Library/Frameworks/QuartzCore.framework; sourceTree = SDKROOT; };
		65413D39184641E700543C1A /* Security.framework */ = {isa = PBXFileReference; lastKnownFileType = wrapper.framework; name = Security.framework; path = System/Library/Frameworks/Security.framework; sourceTree = SDKROOT; };
		65413D3B184641EC00543C1A /* StoreKit.framework */ = {isa = PBXFileReference; lastKnownFileType = wrapper.framework; name = StoreKit.framework; path = System/Library/Frameworks/StoreKit.framework; sourceTree = SDKROOT; };
		65413D3D184641F800543C1A /* SystemConfiguration.framework */ = {isa = PBXFileReference; lastKnownFileType = wrapper.framework; name = SystemConfiguration.framework; path = System/Library/Frameworks/SystemConfiguration.framework; sourceTree = SDKROOT; };
		654D67B618844F4B00FEE901 /* yes.png */ = {isa = PBXFileReference; lastKnownFileType = image.png; path = yes.png; sourceTree = "<group>"; };
		65570C84188862EE006759C6 /* Parse.framework */ = {isa = PBXFileReference; lastKnownFileType = wrapper.framework; path = Parse.framework; sourceTree = "<group>"; };
		658AA5AF184CD12E0097383B /* UIImage+ImageEffects.h */ = {isa = PBXFileReference; fileEncoding = 4; lastKnownFileType = sourcecode.c.h; path = "UIImage+ImageEffects.h"; sourceTree = "<group>"; };
		658AA5B0184CD12E0097383B /* UIImage+ImageEffects.m */ = {isa = PBXFileReference; fileEncoding = 4; lastKnownFileType = sourcecode.c.objc; path = "UIImage+ImageEffects.m"; sourceTree = "<group>"; };
		658AA5B2184CD1730097383B /* UIView+ViewBlurEffect.h */ = {isa = PBXFileReference; fileEncoding = 4; lastKnownFileType = sourcecode.c.h; path = "UIView+ViewBlurEffect.h"; sourceTree = "<group>"; };
		658AA5B3184CD1730097383B /* UIView+ViewBlurEffect.m */ = {isa = PBXFileReference; fileEncoding = 4; lastKnownFileType = sourcecode.c.objc; path = "UIView+ViewBlurEffect.m"; sourceTree = "<group>"; };
		658AA5B7184E70480097383B /* default-user-icon-profile.png */ = {isa = PBXFileReference; lastKnownFileType = image.png; path = "default-user-icon-profile.png"; sourceTree = "<group>"; };
		658AA5BF184E886A0097383B /* placeholder_picture.png */ = {isa = PBXFileReference; lastKnownFileType = image.png; path = placeholder_picture.png; sourceTree = "<group>"; };
		658AA5C1184E887E0097383B /* placeholder_picture@2x.png */ = {isa = PBXFileReference; lastKnownFileType = image.png; path = "placeholder_picture@2x.png"; sourceTree = "<group>"; };
		658AA5C5184F95420097383B /* StatusTableViewHeaderViewController.h */ = {isa = PBXFileReference; fileEncoding = 4; lastKnownFileType = sourcecode.c.h; path = StatusTableViewHeaderViewController.h; sourceTree = "<group>"; };
		658AA5C6184F95420097383B /* StatusTableViewHeaderViewController.m */ = {isa = PBXFileReference; fileEncoding = 4; lastKnownFileType = sourcecode.c.objc; path = StatusTableViewHeaderViewController.m; sourceTree = "<group>"; };
		658AA5C7184F95420097383B /* StatusTableViewHeaderViewController.xib */ = {isa = PBXFileReference; fileEncoding = 4; lastKnownFileType = file.xib; path = StatusTableViewHeaderViewController.xib; sourceTree = "<group>"; };
		658AA5CA184F963E0097383B /* clock.png */ = {isa = PBXFileReference; lastKnownFileType = image.png; path = clock.png; sourceTree = "<group>"; };
		658AA5D1184FADFB0097383B /* ComposeNewStatusViewController.h */ = {isa = PBXFileReference; fileEncoding = 4; lastKnownFileType = sourcecode.c.h; path = ComposeNewStatusViewController.h; sourceTree = "<group>"; };
		658AA5D2184FADFB0097383B /* ComposeNewStatusViewController.m */ = {isa = PBXFileReference; fileEncoding = 4; lastKnownFileType = sourcecode.c.objc; path = ComposeNewStatusViewController.m; sourceTree = "<group>"; };
		65A8B09618CA7AE000C46DD6 /* NotificatonViewController.h */ = {isa = PBXFileReference; fileEncoding = 4; lastKnownFileType = sourcecode.c.h; path = NotificatonViewController.h; sourceTree = "<group>"; };
		65A8B09718CA7AE000C46DD6 /* NotificatonViewController.m */ = {isa = PBXFileReference; fileEncoding = 4; lastKnownFileType = sourcecode.c.objc; path = NotificatonViewController.m; sourceTree = "<group>"; };
		65C6087118707AA5006C1899 /* FacebookSDK.framework */ = {isa = PBXFileReference; lastKnownFileType = wrapper.framework; name = FacebookSDK.framework; path = FacebookSDK/FacebookSDK.framework; sourceTree = "<group>"; };
		65C6087718721E46006C1899 /* time_add@2x.png */ = {isa = PBXFileReference; lastKnownFileType = image.png; path = "time_add@2x.png"; sourceTree = "<group>"; };
		65C6087818721E46006C1899 /* time_add.png */ = {isa = PBXFileReference; lastKnownFileType = image.png; path = time_add.png; sourceTree = "<group>"; };
		65C6087B18731719006C1899 /* AssetsLibrary.framework */ = {isa = PBXFileReference; lastKnownFileType = wrapper.framework; name = AssetsLibrary.framework; path = System/Library/Frameworks/AssetsLibrary.framework; sourceTree = SDKROOT; };
/* End PBXFileReference section */

/* Begin PBXFrameworksBuildPhase section */
		65413CD41843990200543C1A /* Frameworks */ = {
			isa = PBXFrameworksBuildPhase;
			buildActionMask = 2147483647;
			files = (
				50F5264518D7CCE500091953 /* MessageUI.framework in Frameworks */,
				5034EF0218A7E9AB00DBDCCF /* CoreData.framework in Frameworks */,
				65C6087C18731719006C1899 /* AssetsLibrary.framework in Frameworks */,
				65413D3E184641F800543C1A /* SystemConfiguration.framework in Frameworks */,
				65413D3C184641EC00543C1A /* StoreKit.framework in Frameworks */,
				65413D3A184641E700543C1A /* Security.framework in Frameworks */,
				65413D38184641E100543C1A /* QuartzCore.framework in Frameworks */,
				65413D36184641DC00543C1A /* MobileCoreServices.framework in Frameworks */,
				65570C85188862EE006759C6 /* Parse.framework in Frameworks */,
				65413D34184641D400543C1A /* libz.1.1.3.dylib in Frameworks */,
				65413D32184641C900543C1A /* CoreLocation.framework in Frameworks */,
				65413CDD1843990200543C1A /* CoreGraphics.framework in Frameworks */,
				65413D30184641BD00543C1A /* CFNetwork.framework in Frameworks */,
				65413D2E184641B800543C1A /* AudioToolbox.framework in Frameworks */,
				65413CDF1843990200543C1A /* UIKit.framework in Frameworks */,
				65413CDB1843990200543C1A /* Foundation.framework in Frameworks */,
				501F60421875AE3A00B26F65 /* libCrittercism_v4_3_0.a in Frameworks */,
			);
			runOnlyForDeploymentPostprocessing = 0;
		};
		65413CF81843990200543C1A /* Frameworks */ = {
			isa = PBXFrameworksBuildPhase;
			buildActionMask = 2147483647;
			files = (
				65413CFD1843990200543C1A /* XCTest.framework in Frameworks */,
				65413CFF1843990200543C1A /* UIKit.framework in Frameworks */,
				65413CFE1843990200543C1A /* Foundation.framework in Frameworks */,
			);
			runOnlyForDeploymentPostprocessing = 0;
		};
/* End PBXFrameworksBuildPhase section */

/* Begin PBXGroup section */
		501F603B1875AE3A00B26F65 /* CrittercismSDK */ = {
			isa = PBXGroup;
			children = (
				501F603C1875AE3A00B26F65 /* CRFilter.h */,
				501F603D1875AE3A00B26F65 /* Crittercism.h */,
				501F603E1875AE3A00B26F65 /* CrittercismDelegate.h */,
				501F603F1875AE3A00B26F65 /* dsym_upload.sh */,
				501F60401875AE3A00B26F65 /* libCrittercism_v4_3_0.a */,
			);
			path = CrittercismSDK;
			sourceTree = "<group>";
		};
		5034EEB918A7E3D900DBDCCF /* Core Data */ = {
			isa = PBXGroup;
			children = (
				5039DA8218CFEE37000DF268 /* StatusObject.h */,
				5039DA8318CFEE37000DF268 /* StatusObject.m */,
				5034EEB318A7E2CD00DBDCCF /* DataModel.xcdatamodeld */,
				65409F6C18BE66B100589F66 /* Message.h */,
				65409F6D18BE66B100589F66 /* Message.m */,
				5034EEFE18A7E7FC00DBDCCF /* SharedDataManager.h */,
				5034EEFF18A7E7FC00DBDCCF /* SharedDataManager.m */,
			);
			name = "Core Data";
			sourceTree = "<group>";
		};
		50424F8B18C952D500F7D826 /* Tab bar */ = {
			isa = PBXGroup;
			children = (
				50424F8C18C952EB00F7D826 /* TabBarViewController.h */,
				50424F8D18C952EB00F7D826 /* TabBarViewController.m */,
			);
			name = "Tab bar";
			sourceTree = "<group>";
		};
		5054C8F418BA68230044CB5F /* tabbar */ = {
			isa = PBXGroup;
			children = (
				5054C91E18BA6C1B0044CB5F /* notification_tab@2x.png */,
				5054C91F18BA6C1B0044CB5F /* notification_tab.png */,
				5054C92018BA6C1B0044CB5F /* profile_tab@2x.png */,
				5054C92118BA6C1B0044CB5F /* profile_tab.png */,
				5054C92218BA6C1B0044CB5F /* feed_tab@2x.png */,
				5054C92318BA6C1B0044CB5F /* feed_tab.png */,
				5054C91C18BA6BBA0044CB5F /* message_tab@2x.png */,
				5054C91A18BA6B9F0044CB5F /* message_tab.png */,
			);
			name = tabbar;
			sourceTree = "<group>";
		};
		5054C90518BA68400044CB5F /* icons */ = {
			isa = PBXGroup;
			children = (
				501FD86A197A1EAE00BD587B /* revive.png */,
				501FD86C197A1F0E00BD587B /* settings.png */,
				501FD868197A1E3D00BD587B /* camera.png */,
				5039DA8B18D1204C000DF268 /* comment_icon@2x.png */,
				5039DA8618D11FC4000DF268 /* comment_icon.png */,
				5054C92A18BA6D060044CB5F /* like_icon.png */,
				5054C92B18BA6D060044CB5F /* like_icon@2x.png */,
				5054C90618BA68C60044CB5F /* add_friend.png */,
				5054C90818BA68CD0044CB5F /* add_friend@2x.png */,
				5054C91418BA68F50044CB5F /* compose_icon.png */,
				5054C90A18BA68E10044CB5F /* compose_icon@2x.png */,
				5054C90B18BA68E10044CB5F /* revine_icon.png */,
				5054C90C18BA68E10044CB5F /* revine_icon@2x.png */,
				5054C90D18BA68E10044CB5F /* search_icon.png */,
				5054C90E18BA68E10044CB5F /* search_icon@2x.png */,
			);
			name = icons;
			sourceTree = "<group>";
		};
		5054C93118BAE1CE0044CB5F /* category */ = {
			isa = PBXGroup;
			children = (
				65409F6F18BE855300589F66 /* Message+Utilities.h */,
				65409F7018BE855300589F66 /* Message+Utilities.m */,
			);
			name = category;
			sourceTree = "<group>";
		};
		507F61471883591100B57DDA /* Category */ = {
			isa = PBXGroup;
			children = (
				658AA5B2184CD1730097383B /* UIView+ViewBlurEffect.h */,
				658AA5B3184CD1730097383B /* UIView+ViewBlurEffect.m */,
				658AA5AF184CD12E0097383B /* UIImage+ImageEffects.h */,
				658AA5B0184CD12E0097383B /* UIImage+ImageEffects.m */,
			);
			name = Category;
			sourceTree = "<group>";
		};
		507F61481883591C00B57DDA /* Class */ = {
			isa = PBXGroup;
			children = (
				50CE771A19491EB5006E83F3 /* PressAndHoldGesture.m */,
				50CE771B19491EB5006E83F3 /* PressAndHoldGesture.h */,
				50200C4218CFE365003CEBBE /* Status.h */,
				50200C4318CFE365003CEBBE /* Status.m */,
				65413D151843B6EF00543C1A /* StatusTableViewCell.h */,
				65413D161843B6EF00543C1A /* StatusTableViewCell.m */,
				65413CE91843990200543C1A /* AppDelegate.h */,
				65413CEA1843990200543C1A /* AppDelegate.m */,
				507F614A1883594F00B57DDA /* Helper.h */,
				507F614B1883594F00B57DDA /* Helper.m */,
				50B31CCD18861B1700A9CDD3 /* BaseViewControllerWithStatusTableView.h */,
				50B31CCE18861B1700A9CDD3 /* BaseViewControllerWithStatusTableView.m */,
				5034EEAD18A7D09F00DBDCCF /* MessageTableViewCell.h */,
				5034EEAE18A7D09F00DBDCCF /* MessageTableViewCell.m */,
				6522693C18AED82C004ABEDC /* FriendQuestTableViewCell.h */,
				6522693D18AED82C004ABEDC /* FriendQuestTableViewCell.m */,
				502C6A4518E8BD800047EA49 /* FPLogger.h */,
				502C6A4618E8BD800047EA49 /* FPLogger.m */,
				34113DBD193AC72C00CA9F50 /* Header.h */,
				503FE457194DD72300FD297D /* LoadingTableViewCell.h */,
				503FE458194DD72300FD297D /* LoadingTableViewCell.m */,
				502FFD991953C78C00085826 /* SpinnerImageView.h */,
				502FFD9A1953C78C00085826 /* SpinnerImageView.m */,
				50D36B9619560EED0048CCA6 /* AvatarCollectionViewFlowLayout.h */,
				50D36B9719560EED0048CCA6 /* AvatarCollectionViewFlowLayout.m */,
				50D36B9919560FAB0048CCA6 /* ImageCollectionViewCell.h */,
				50D36B9A19560FAB0048CCA6 /* ImageCollectionViewCell.m */,
				50931A731964B36F005B3782 /* ZoomCollectionViewCell.h */,
				50931A741964B36F005B3782 /* ZoomCollectionViewCell.m */,
			);
			name = Class;
			sourceTree = "<group>";
		};
		507F61491883592E00B57DDA /* UI */ = {
			isa = PBXGroup;
			children = (
				65413CEC1843990200543C1A /* Main_iPhone.storyboard */,
				65413CEF1843990200543C1A /* Main_iPad.storyboard */,
				653ACE41185926FD007B9A47 /* ExpirationTimePickerViewController.xib */,
				658AA5C7184F95420097383B /* StatusTableViewHeaderViewController.xib */,
			);
			name = UI;
			sourceTree = "<group>";
		};
		50CE771D194A6CFA006E83F3 /* ELCImagePicker */ = {
			isa = PBXGroup;
			children = (
				50CE771E194A6CFA006E83F3 /* ELCAlbumPickerController.h */,
				50CE771F194A6CFA006E83F3 /* ELCAlbumPickerController.m */,
				50CE7720194A6CFA006E83F3 /* ELCAsset.h */,
				50CE7721194A6CFA006E83F3 /* ELCAsset.m */,
				50CE7722194A6CFA006E83F3 /* ELCAssetCell.h */,
				50CE7723194A6CFA006E83F3 /* ELCAssetCell.m */,
				50CE7724194A6CFA006E83F3 /* ELCAssetPickerFilterDelegate.h */,
				50CE7725194A6CFA006E83F3 /* ELCAssetSelectionDelegate.h */,
				50CE7726194A6CFA006E83F3 /* ELCAssetTablePicker.h */,
				50CE7727194A6CFA006E83F3 /* ELCAssetTablePicker.m */,
				50CE7728194A6CFA006E83F3 /* ELCImagePickerController.h */,
				50CE7729194A6CFA006E83F3 /* ELCImagePickerController.m */,
				50CE772A194A6CFA006E83F3 /* Resources */,
			);
			path = ELCImagePicker;
			sourceTree = "<group>";
		};
		50CE772A194A6CFA006E83F3 /* Resources */ = {
			isa = PBXGroup;
			children = (
				50CE772B194A6CFA006E83F3 /* ELCAlbumPickerController.xib */,
				50CE772C194A6CFA006E83F3 /* ELCAssetPicker.xib */,
				50CE772D194A6CFA006E83F3 /* ELCAssetTablePicker.xib */,
				50CE772E194A6CFA006E83F3 /* Overlay.png */,
				50CE772F194A6CFA006E83F3 /* Overlay@2x.png */,
			);
			path = Resources;
			sourceTree = "<group>";
		};
		50EFFD25194D2CF900A4C212 /* Category */ = {
			isa = PBXGroup;
			children = (
				50EFFD26194D2D0E00A4C212 /* UITextView+Utilities.h */,
				50EFFD27194D2D0E00A4C212 /* UITextView+Utilities.m */,
			);
			name = Category;
			sourceTree = "<group>";
		};
		50F5264618D917A500091953 /* iPad */ = {
			isa = PBXGroup;
			children = (
			);
			name = iPad;
			sourceTree = "<group>";
		};
		50FCEA0A187B68A2000A91AF /* View controller */ = {
			isa = PBXGroup;
			children = (
				50424F8B18C952D500F7D826 /* Tab bar */,
				65A8B09518CA7AD400C46DD6 /* Notification */,
				65409F7518BE959400589F66 /* Login */,
				65409F7218BE956200589F66 /* Status */,
				65409F7318BE957100589F66 /* Profile */,
				65409F7418BE957A00589F66 /* Message */,
				653ACE3F185926FD007B9A47 /* ExpirationTimePickerViewController.h */,
				653ACE40185926FD007B9A47 /* ExpirationTimePickerViewController.m */,
				50931A761964B39E005B3782 /* FullImageViewController.h */,
				50931A771964B39E005B3782 /* FullImageViewController.m */,
				50B55340199BFE23005211C6 /* DetailedSocialNetworkTableViewController.h */,
				50B55341199BFE23005211C6 /* DetailedSocialNetworkTableViewController.m */,
			);
			name = "View controller";
			sourceTree = "<group>";
		};
		653ACE021857A2DD007B9A47 /* Resources */ = {
			isa = PBXGroup;
			children = (
				5054C90518BA68400044CB5F /* icons */,
				5054C8F418BA68230044CB5F /* tabbar */,
				654D67B618844F4B00FEE901 /* yes.png */,
				5054C93618BC41750044CB5F /* wordLogo.png */,
				507F61411882EEF000B57DDA /* share.png */,
				507F61421882EEF000B57DDA /* comment.png */,
				507F61431882EEF000B57DDA /* like.png */,
				503CABDE18739751006BBF51 /* butterfly-green-blue.png */,
				65C6087718721E46006C1899 /* time_add@2x.png */,
				65C6087818721E46006C1899 /* time_add.png */,
				50275F75186F22E200CD9680 /* icon.png */,
				653ACE381859139B007B9A47 /* setting_icon.png */,
				653ACDE518510BEE007B9A47 /* PaperClip-512.png */,
				658AA5CA184F963E0097383B /* clock.png */,
				658AA5C1184E887E0097383B /* placeholder_picture@2x.png */,
				658AA5BF184E886A0097383B /* placeholder_picture.png */,
				658AA5B7184E70480097383B /* default-user-icon-profile.png */,
			);
			name = Resources;
			sourceTree = "<group>";
		};
		65409F7218BE956200589F66 /* Status */ = {
			isa = PBXGroup;
			children = (
				6522693918AECB2B004ABEDC /* FriendQuestViewController.h */,
				6522693A18AECB2B004ABEDC /* FriendQuestViewController.m */,
				50FCEA0B187B68C3000A91AF /* StatusViewController.h */,
				50FCEA0C187B68C3000A91AF /* StatusViewController.m */,
				658AA5D1184FADFB0097383B /* ComposeNewStatusViewController.h */,
				658AA5D2184FADFB0097383B /* ComposeNewStatusViewController.m */,
				658AA5C5184F95420097383B /* StatusTableViewHeaderViewController.h */,
				658AA5C6184F95420097383B /* StatusTableViewHeaderViewController.m */,
				50F3304218D1411300A0878D /* CommentStatusViewController.h */,
				50F3304318D1411300A0878D /* CommentStatusViewController.m */,
				5006245D194D121C003A2922 /* CommentTableViewCell.h */,
				5006245E194D121C003A2922 /* CommentTableViewCell.m */,
			);
			name = Status;
			sourceTree = "<group>";
		};
		65409F7318BE957100589F66 /* Profile */ = {
			isa = PBXGroup;
			children = (
				509CB820187CE6D8009E9A9F /* ProfileViewController.h */,
				509CB821187CE6D8009E9A9F /* ProfileViewController.m */,
			);
			name = Profile;
			sourceTree = "<group>";
		};
		65409F7418BE957A00589F66 /* Message */ = {
			isa = PBXGroup;
			children = (
				5034EEB018A7D48100DBDCCF /* MessageTableViewViewController.h */,
				5034EEB118A7D48100DBDCCF /* MessageTableViewViewController.m */,
				5034EF0318A8061200DBDCCF /* ComposeNewMessageViewController.h */,
				5034EF0418A8061200DBDCCF /* ComposeNewMessageViewController.m */,
				65409F7618BE95C200589F66 /* ViewMessageViewController.h */,
				65409F7718BE95C200589F66 /* ViewMessageViewController.m */,
			);
			name = Message;
			sourceTree = "<group>";
		};
		65409F7518BE959400589F66 /* Login */ = {
			isa = PBXGroup;
			children = (
				65413CF21843990200543C1A /* LogInViewController.h */,
				65413CF31843990200543C1A /* LogInViewController.m */,
				5054C93918BC46230044CB5F /* SignUpViewController.h */,
				5054C93A18BC46230044CB5F /* SignUpViewController.m */,
			);
			name = Login;
			sourceTree = "<group>";
		};
		65413CCE1843990200543C1A = {
			isa = PBXGroup;
			children = (
				65413CE01843990200543C1A /* FastPost */,
				65413D021843990200543C1A /* FastPostTests */,
				65413CD91843990200543C1A /* Frameworks */,
				65413CD81843990200543C1A /* Products */,
			);
			sourceTree = "<group>";
		};
		65413CD81843990200543C1A /* Products */ = {
			isa = PBXGroup;
			children = (
				65413CD71843990200543C1A /* dwndlr.app */,
				65413CFB1843990200543C1A /* FastPostTests.xctest */,
			);
			name = Products;
			sourceTree = "<group>";
		};
		65413CD91843990200543C1A /* Frameworks */ = {
			isa = PBXGroup;
			children = (
				50F5264418D7CCE500091953 /* MessageUI.framework */,
				5034EF0118A7E9AB00DBDCCF /* CoreData.framework */,
				65570C84188862EE006759C6 /* Parse.framework */,
				501F603B1875AE3A00B26F65 /* CrittercismSDK */,
				503CABD618739318006BBF51 /* FacebookSDK.framework */,
				65C6087B18731719006C1899 /* AssetsLibrary.framework */,
				65C6087118707AA5006C1899 /* FacebookSDK.framework */,
				65413D3D184641F800543C1A /* SystemConfiguration.framework */,
				65413D3B184641EC00543C1A /* StoreKit.framework */,
				65413D39184641E700543C1A /* Security.framework */,
				65413D37184641E100543C1A /* QuartzCore.framework */,
				65413D35184641DC00543C1A /* MobileCoreServices.framework */,
				65413D33184641D400543C1A /* libz.1.1.3.dylib */,
				65413D31184641C900543C1A /* CoreLocation.framework */,
				65413D2F184641BD00543C1A /* CFNetwork.framework */,
				65413D2D184641B800543C1A /* AudioToolbox.framework */,
				65413CDA1843990200543C1A /* Foundation.framework */,
				65413CDC1843990200543C1A /* CoreGraphics.framework */,
				65413CDE1843990200543C1A /* UIKit.framework */,
				65413CFC1843990200543C1A /* XCTest.framework */,
			);
			name = Frameworks;
			sourceTree = "<group>";
		};
		65413CE01843990200543C1A /* FastPost */ = {
			isa = PBXGroup;
			children = (
				50EFFD25194D2CF900A4C212 /* Category */,
				50CE771D194A6CFA006E83F3 /* ELCImagePicker */,
				5034EEB918A7E3D900DBDCCF /* Core Data */,
				503A980D188381C7000892B8 /* Log.h */,
				653ACE2F18590B45007B9A47 /* ThingsToDo.h */,
				5054C93118BAE1CE0044CB5F /* category */,
				507F61491883592E00B57DDA /* UI */,
				507F61481883591C00B57DDA /* Class */,
				507F61471883591100B57DDA /* Category */,
				50FCEA0A187B68A2000A91AF /* View controller */,
				653ACE021857A2DD007B9A47 /* Resources */,
				50F5264618D917A500091953 /* iPad */,
				65413CF51843990200543C1A /* Images.xcassets */,
				65413CE11843990200543C1A /* Supporting Files */,
				50FE569C18E2610A00B85B35 /* NoDelayButton.h */,
				50FE569D18E2610A00B85B35 /* NoDelayButton.m */,
			);
			path = FastPost;
			sourceTree = "<group>";
		};
		65413CE11843990200543C1A /* Supporting Files */ = {
			isa = PBXGroup;
			children = (
				65413CE21843990200543C1A /* FastPost-Info.plist */,
				65413CE31843990200543C1A /* InfoPlist.strings */,
				65413CE61843990200543C1A /* main.m */,
				65413CE81843990200543C1A /* FastPost-Prefix.pch */,
				653ACDEF18525405007B9A47 /* ComposeStatusPhotoCollectionViewCell.h */,
				653ACDF018525405007B9A47 /* ComposeStatusPhotoCollectionViewCell.m */,
			);
			name = "Supporting Files";
			sourceTree = "<group>";
		};
		65413D021843990200543C1A /* FastPostTests */ = {
			isa = PBXGroup;
			children = (
				65413D081843990200543C1A /* FastPostTests.m */,
				65413D031843990200543C1A /* Supporting Files */,
			);
			path = FastPostTests;
			sourceTree = "<group>";
		};
		65413D031843990200543C1A /* Supporting Files */ = {
			isa = PBXGroup;
			children = (
				65413D041843990200543C1A /* FastPostTests-Info.plist */,
				65413D051843990200543C1A /* InfoPlist.strings */,
			);
			name = "Supporting Files";
			sourceTree = "<group>";
		};
		65A8B09518CA7AD400C46DD6 /* Notification */ = {
			isa = PBXGroup;
			children = (
				65A8B09618CA7AE000C46DD6 /* NotificatonViewController.h */,
				65A8B09718CA7AE000C46DD6 /* NotificatonViewController.m */,
			);
			name = Notification;
			sourceTree = "<group>";
		};
/* End PBXGroup section */

/* Begin PBXNativeTarget section */
		65413CD61843990200543C1A /* FastPost */ = {
			isa = PBXNativeTarget;
			buildConfigurationList = 65413D0C1843990200543C1A /* Build configuration list for PBXNativeTarget "FastPost" */;
			buildPhases = (
				65413CD31843990200543C1A /* Sources */,
				65413CD41843990200543C1A /* Frameworks */,
				65413CD51843990200543C1A /* Resources */,
			);
			buildRules = (
			);
			dependencies = (
			);
			name = FastPost;
			productName = FastPost;
			productReference = 65413CD71843990200543C1A /* dwndlr.app */;
			productType = "com.apple.product-type.application";
		};
		65413CFA1843990200543C1A /* FastPostTests */ = {
			isa = PBXNativeTarget;
			buildConfigurationList = 65413D0F1843990200543C1A /* Build configuration list for PBXNativeTarget "FastPostTests" */;
			buildPhases = (
				65413CF71843990200543C1A /* Sources */,
				65413CF81843990200543C1A /* Frameworks */,
				65413CF91843990200543C1A /* Resources */,
			);
			buildRules = (
			);
			dependencies = (
				65413D011843990200543C1A /* PBXTargetDependency */,
			);
			name = FastPostTests;
			productName = FastPostTests;
			productReference = 65413CFB1843990200543C1A /* FastPostTests.xctest */;
			productType = "com.apple.product-type.bundle.unit-test";
		};
/* End PBXNativeTarget section */

/* Begin PBXProject section */
		65413CCF1843990200543C1A /* Project object */ = {
			isa = PBXProject;
			attributes = {
				LastUpgradeCheck = 0510;
				ORGANIZATIONNAME = "Huang, Jason";
				TargetAttributes = {
					65413CD61843990200543C1A = {
						DevelopmentTeam = 24QWF4M939;
					};
					65413CFA1843990200543C1A = {
						TestTargetID = 65413CD61843990200543C1A;
					};
				};
			};
			buildConfigurationList = 65413CD21843990200543C1A /* Build configuration list for PBXProject "FastPost" */;
			compatibilityVersion = "Xcode 3.2";
			developmentRegion = English;
			hasScannedForEncodings = 0;
			knownRegions = (
				en,
				Base,
				he,
			);
			mainGroup = 65413CCE1843990200543C1A;
			productRefGroup = 65413CD81843990200543C1A /* Products */;
			projectDirPath = "";
			projectRoot = "";
			targets = (
				65413CD61843990200543C1A /* FastPost */,
				65413CFA1843990200543C1A /* FastPostTests */,
			);
		};
/* End PBXProject section */

/* Begin PBXResourcesBuildPhase section */
		65413CD51843990200543C1A /* Resources */ = {
			isa = PBXResourcesBuildPhase;
			buildActionMask = 2147483647;
			files = (
				50CE7738194A6CFA006E83F3 /* Overlay.png in Resources */,
				50CE7735194A6CFA006E83F3 /* ELCAlbumPickerController.xib in Resources */,
				5039DA8818D11FC4000DF268 /* comment_icon.png in Resources */,
				50CE7737194A6CFA006E83F3 /* ELCAssetTablePicker.xib in Resources */,
				5054C92818BA6C1B0044CB5F /* feed_tab@2x.png in Resources */,
				501F60411875AE3A00B26F65 /* dsym_upload.sh in Resources */,
				501FD86D197A1F0E00BD587B /* settings.png in Resources */,
				5054C92918BA6C1B0044CB5F /* feed_tab.png in Resources */,
				658AA5C0184E886A0097383B /* placeholder_picture.png in Resources */,
				653ACE391859139B007B9A47 /* setting_icon.png in Resources */,
				503CABDF18739751006BBF51 /* butterfly-green-blue.png in Resources */,
				654D67B718844F4B00FEE901 /* yes.png in Resources */,
				5054C91118BA68E10044CB5F /* revine_icon@2x.png in Resources */,
				653ACDE618510BEE007B9A47 /* PaperClip-512.png in Resources */,
				65C6087918721E46006C1899 /* time_add@2x.png in Resources */,
				5054C92D18BA6D060044CB5F /* like_icon@2x.png in Resources */,
				65413CF11843990200543C1A /* Main_iPad.storyboard in Resources */,
				5054C90F18BA68E10044CB5F /* compose_icon@2x.png in Resources */,
				5054C92618BA6C1B0044CB5F /* profile_tab@2x.png in Resources */,
				507F61461882EEF000B57DDA /* like.png in Resources */,
				50CE7736194A6CFA006E83F3 /* ELCAssetPicker.xib in Resources */,
				5054C91518BA68F50044CB5F /* compose_icon.png in Resources */,
				658AA5C9184F95420097383B /* StatusTableViewHeaderViewController.xib in Resources */,
				501FD869197A1E3D00BD587B /* camera.png in Resources */,
				50275F76186F22E200CD9680 /* icon.png in Resources */,
				658AA5C2184E887E0097383B /* placeholder_picture@2x.png in Resources */,
				65413CF61843990200543C1A /* Images.xcassets in Resources */,
				5054C91D18BA6BBA0044CB5F /* message_tab@2x.png in Resources */,
				5054C91018BA68E10044CB5F /* revine_icon.png in Resources */,
				5054C90718BA68C60044CB5F /* add_friend.png in Resources */,
				507F61451882EEF000B57DDA /* comment.png in Resources */,
				5039DA8C18D1204C000DF268 /* comment_icon@2x.png in Resources */,
				507F61441882EEF000B57DDA /* share.png in Resources */,
				5054C91B18BA6B9F0044CB5F /* message_tab.png in Resources */,
				65C6087A18721E46006C1899 /* time_add.png in Resources */,
				5054C91318BA68E10044CB5F /* search_icon@2x.png in Resources */,
				5054C93818BC41750044CB5F /* wordLogo.png in Resources */,
				5054C92C18BA6D060044CB5F /* like_icon.png in Resources */,
				501FD86B197A1EAE00BD587B /* revive.png in Resources */,
				653ACE43185926FD007B9A47 /* ExpirationTimePickerViewController.xib in Resources */,
				658AA5CB184F963E0097383B /* clock.png in Resources */,
				65413CEE1843990200543C1A /* Main_iPhone.storyboard in Resources */,
				65413CE51843990200543C1A /* InfoPlist.strings in Resources */,
				5054C92418BA6C1B0044CB5F /* notification_tab@2x.png in Resources */,
				5054C92518BA6C1B0044CB5F /* notification_tab.png in Resources */,
				5054C90918BA68CD0044CB5F /* add_friend@2x.png in Resources */,
				5054C91218BA68E10044CB5F /* search_icon.png in Resources */,
				658AA5B8184E70480097383B /* default-user-icon-profile.png in Resources */,
				50CE7739194A6CFA006E83F3 /* Overlay@2x.png in Resources */,
				5054C92718BA6C1B0044CB5F /* profile_tab.png in Resources */,
			);
			runOnlyForDeploymentPostprocessing = 0;
		};
		65413CF91843990200543C1A /* Resources */ = {
			isa = PBXResourcesBuildPhase;
			buildActionMask = 2147483647;
			files = (
				65413D071843990200543C1A /* InfoPlist.strings in Resources */,
			);
			runOnlyForDeploymentPostprocessing = 0;
		};
/* End PBXResourcesBuildPhase section */

/* Begin PBXSourcesBuildPhase section */
		65413CD31843990200543C1A /* Sources */ = {
			isa = PBXSourcesBuildPhase;
			buildActionMask = 2147483647;
			files = (
				5034EEB218A7D48100DBDCCF /* MessageTableViewViewController.m in Sources */,
				5034EF0018A7E7FC00DBDCCF /* SharedDataManager.m in Sources */,
				6522693E18AED82C004ABEDC /* FriendQuestTableViewCell.m in Sources */,
				503FE459194DD72300FD297D /* LoadingTableViewCell.m in Sources */,
				50FCEA0D187B68C3000A91AF /* StatusViewController.m in Sources */,
				50FE569E18E2610A00B85B35 /* NoDelayButton.m in Sources */,
				658AA5C8184F95420097383B /* StatusTableViewHeaderViewController.m in Sources */,
				653ACE42185926FD007B9A47 /* ExpirationTimePickerViewController.m in Sources */,
				50D36B9819560EED0048CCA6 /* AvatarCollectionViewFlowLayout.m in Sources */,
				65A8B09818CA7AE000C46DD6 /* NotificatonViewController.m in Sources */,
				50CE7731194A6CFA006E83F3 /* ELCAsset.m in Sources */,
				50CE7733194A6CFA006E83F3 /* ELCAssetTablePicker.m in Sources */,
				507F614C1883594F00B57DDA /* Helper.m in Sources */,
				502FFD9B1953C78C00085826 /* SpinnerImageView.m in Sources */,
				509CB822187CE6D8009E9A9F /* ProfileViewController.m in Sources */,
				5034EF0518A8061200DBDCCF /* ComposeNewMessageViewController.m in Sources */,
				658AA5B1184CD12E0097383B /* UIImage+ImageEffects.m in Sources */,
				50931A781964B39E005B3782 /* FullImageViewController.m in Sources */,
				658AA5D3184FADFB0097383B /* ComposeNewStatusViewController.m in Sources */,
				50B55342199BFE23005211C6 /* DetailedSocialNetworkTableViewController.m in Sources */,
				50200C4418CFE365003CEBBE /* Status.m in Sources */,
				5006245F194D121C003A2922 /* CommentTableViewCell.m in Sources */,
				5039DA8418CFEE37000DF268 /* StatusObject.m in Sources */,
				5034EEAF18A7D09F00DBDCCF /* MessageTableViewCell.m in Sources */,
				50CE7732194A6CFA006E83F3 /* ELCAssetCell.m in Sources */,
				658AA5B4184CD1730097383B /* UIView+ViewBlurEffect.m in Sources */,
				50931A751964B370005B3782 /* ZoomCollectionViewCell.m in Sources */,
				653ACDF118525405007B9A47 /* ComposeStatusPhotoCollectionViewCell.m in Sources */,
				50424F8E18C952EB00F7D826 /* TabBarViewController.m in Sources */,
				65409F7818BE95C200589F66 /* ViewMessageViewController.m in Sources */,
				50CE7730194A6CFA006E83F3 /* ELCAlbumPickerController.m in Sources */,
				65409F6E18BE66B100589F66 /* Message.m in Sources */,
				65413CF41843990200543C1A /* LogInViewController.m in Sources */,
				5034EEB518A7E2CD00DBDCCF /* DataModel.xcdatamodeld in Sources */,
				50D36B9B19560FAB0048CCA6 /* ImageCollectionViewCell.m in Sources */,
				65413CEB1843990200543C1A /* AppDelegate.m in Sources */,
				65413CE71843990200543C1A /* main.m in Sources */,
				50EFFD28194D2D0E00A4C212 /* UITextView+Utilities.m in Sources */,
				65413D171843B6EF00543C1A /* StatusTableViewCell.m in Sources */,
				50F3304418D1411300A0878D /* CommentStatusViewController.m in Sources */,
				502C6A4718E8BD800047EA49 /* FPLogger.m in Sources */,
				50B31CCF18861B1700A9CDD3 /* BaseViewControllerWithStatusTableView.m in Sources */,
				65409F7118BE855300589F66 /* Message+Utilities.m in Sources */,
				50CE7734194A6CFA006E83F3 /* ELCImagePickerController.m in Sources */,
				5054C93B18BC46230044CB5F /* SignUpViewController.m in Sources */,
				50CE771C19491EB5006E83F3 /* PressAndHoldGesture.m in Sources */,
				6522693B18AECB2B004ABEDC /* FriendQuestViewController.m in Sources */,
			);
			runOnlyForDeploymentPostprocessing = 0;
		};
		65413CF71843990200543C1A /* Sources */ = {
			isa = PBXSourcesBuildPhase;
			buildActionMask = 2147483647;
			files = (
				65413D091843990200543C1A /* FastPostTests.m in Sources */,
			);
			runOnlyForDeploymentPostprocessing = 0;
		};
/* End PBXSourcesBuildPhase section */

/* Begin PBXTargetDependency section */
		65413D011843990200543C1A /* PBXTargetDependency */ = {
			isa = PBXTargetDependency;
			target = 65413CD61843990200543C1A /* FastPost */;
			targetProxy = 65413D001843990200543C1A /* PBXContainerItemProxy */;
		};
/* End PBXTargetDependency section */

/* Begin PBXVariantGroup section */
		65413CE31843990200543C1A /* InfoPlist.strings */ = {
			isa = PBXVariantGroup;
			children = (
				65413CE41843990200543C1A /* en */,
			);
			name = InfoPlist.strings;
			sourceTree = "<group>";
		};
		65413CEC1843990200543C1A /* Main_iPhone.storyboard */ = {
			isa = PBXVariantGroup;
			children = (
				65413CED1843990200543C1A /* Base */,
			);
			name = Main_iPhone.storyboard;
			sourceTree = "<group>";
		};
		65413CEF1843990200543C1A /* Main_iPad.storyboard */ = {
			isa = PBXVariantGroup;
			children = (
				65413CF01843990200543C1A /* Base */,
			);
			name = Main_iPad.storyboard;
			sourceTree = "<group>";
		};
		65413D051843990200543C1A /* InfoPlist.strings */ = {
			isa = PBXVariantGroup;
			children = (
				65413D061843990200543C1A /* en */,
			);
			name = InfoPlist.strings;
			sourceTree = "<group>";
		};
/* End PBXVariantGroup section */

/* Begin XCBuildConfiguration section */
		65413D0A1843990200543C1A /* Debug */ = {
			isa = XCBuildConfiguration;
			buildSettings = {
				ALWAYS_SEARCH_USER_PATHS = NO;
				CLANG_CXX_LANGUAGE_STANDARD = "gnu++0x";
				CLANG_CXX_LIBRARY = "libc++";
				CLANG_ENABLE_MODULES = YES;
				CLANG_ENABLE_OBJC_ARC = YES;
				CLANG_WARN_BOOL_CONVERSION = YES;
				CLANG_WARN_CONSTANT_CONVERSION = YES;
				CLANG_WARN_DIRECT_OBJC_ISA_USAGE = YES_ERROR;
				CLANG_WARN_EMPTY_BODY = YES;
				CLANG_WARN_ENUM_CONVERSION = YES;
				CLANG_WARN_INT_CONVERSION = YES;
				CLANG_WARN_OBJC_ROOT_CLASS = YES_ERROR;
				CLANG_WARN__DUPLICATE_METHOD_MATCH = YES;
				"CODE_SIGN_IDENTITY[sdk=iphoneos*]" = "iPhone Developer";
				COPY_PHASE_STRIP = NO;
				GCC_C_LANGUAGE_STANDARD = gnu99;
				GCC_DYNAMIC_NO_PIC = NO;
				GCC_OPTIMIZATION_LEVEL = 0;
				GCC_PREPROCESSOR_DEFINITIONS = (
					"DEBUG=1",
					"$(inherited)",
				);
				GCC_SYMBOLS_PRIVATE_EXTERN = NO;
				GCC_WARN_64_TO_32_BIT_CONVERSION = YES;
				GCC_WARN_ABOUT_RETURN_TYPE = YES_ERROR;
				GCC_WARN_UNDECLARED_SELECTOR = YES;
				GCC_WARN_UNINITIALIZED_AUTOS = YES;
				GCC_WARN_UNUSED_FUNCTION = YES;
				GCC_WARN_UNUSED_VARIABLE = YES;
				IPHONEOS_DEPLOYMENT_TARGET = 7.0;
				ONLY_ACTIVE_ARCH = YES;
				PRODUCT_NAME = FastPost;
				PROVISIONING_PROFILE = "33B820A0-5EA1-42F2-BC81-96EBAD64B414";
				SDKROOT = iphoneos;
				TARGETED_DEVICE_FAMILY = "1,2";
			};
			name = Debug;
		};
		65413D0B1843990200543C1A /* Release */ = {
			isa = XCBuildConfiguration;
			buildSettings = {
				ALWAYS_SEARCH_USER_PATHS = NO;
				CLANG_CXX_LANGUAGE_STANDARD = "gnu++0x";
				CLANG_CXX_LIBRARY = "libc++";
				CLANG_ENABLE_MODULES = YES;
				CLANG_ENABLE_OBJC_ARC = YES;
				CLANG_WARN_BOOL_CONVERSION = YES;
				CLANG_WARN_CONSTANT_CONVERSION = YES;
				CLANG_WARN_DIRECT_OBJC_ISA_USAGE = YES_ERROR;
				CLANG_WARN_EMPTY_BODY = YES;
				CLANG_WARN_ENUM_CONVERSION = YES;
				CLANG_WARN_INT_CONVERSION = YES;
				CLANG_WARN_OBJC_ROOT_CLASS = YES_ERROR;
				CLANG_WARN__DUPLICATE_METHOD_MATCH = YES;
				"CODE_SIGN_IDENTITY[sdk=iphoneos*]" = "iPhone Developer";
				COPY_PHASE_STRIP = YES;
				ENABLE_NS_ASSERTIONS = NO;
				GCC_C_LANGUAGE_STANDARD = gnu99;
				GCC_WARN_64_TO_32_BIT_CONVERSION = YES;
				GCC_WARN_ABOUT_RETURN_TYPE = YES_ERROR;
				GCC_WARN_UNDECLARED_SELECTOR = YES;
				GCC_WARN_UNINITIALIZED_AUTOS = YES;
				GCC_WARN_UNUSED_FUNCTION = YES;
				GCC_WARN_UNUSED_VARIABLE = YES;
				IPHONEOS_DEPLOYMENT_TARGET = 7.0;
				PRODUCT_NAME = FastPost;
				PROVISIONING_PROFILE = "68AB1C3E-CB66-41AD-891A-0158145E8741";
				SDKROOT = iphoneos;
				TARGETED_DEVICE_FAMILY = "1,2";
				VALIDATE_PRODUCT = YES;
			};
			name = Release;
		};
		65413D0D1843990200543C1A /* Debug */ = {
			isa = XCBuildConfiguration;
			buildSettings = {
				ASSETCATALOG_COMPILER_APPICON_NAME = AppIcon;
				ASSETCATALOG_COMPILER_LAUNCHIMAGE_NAME = LaunchImage;
				CODE_SIGN_IDENTITY = "";
				"CODE_SIGN_IDENTITY[sdk=iphoneos*]" = "";
				FRAMEWORK_SEARCH_PATHS = (
					"$(inherited)",
					"$(SRCROOT)/",
					"/Users/jhuang/untitled\\ folder/FP",
				);
				GCC_PRECOMPILE_PREFIX_HEADER = YES;
				GCC_PREFIX_HEADER = "FastPost/FastPost-Prefix.pch";
				INFOPLIST_FILE = "FastPost/FastPost-Info.plist";
				IPHONEOS_DEPLOYMENT_TARGET = 7.1;
				LIBRARY_SEARCH_PATHS = (
					"$(inherited)",
					"$(SRCROOT)/CrittercismSDK",
				);
				PRODUCT_NAME = dwndlr;
				PROVISIONING_PROFILE = "BE8AC869-01B4-4DDE-8FDC-30C460139B0B";
				TARGETED_DEVICE_FAMILY = 1;
				WRAPPER_EXTENSION = app;
			};
			name = Debug;
		};
		65413D0E1843990200543C1A /* Release */ = {
			isa = XCBuildConfiguration;
			buildSettings = {
				ASSETCATALOG_COMPILER_APPICON_NAME = AppIcon;
				ASSETCATALOG_COMPILER_LAUNCHIMAGE_NAME = LaunchImage;
				CODE_SIGN_IDENTITY = "";
				"CODE_SIGN_IDENTITY[sdk=iphoneos*]" = "";
				FRAMEWORK_SEARCH_PATHS = (
					"$(inherited)",
					"$(SRCROOT)/",
					"/Users/jhuang/untitled\\ folder/FP",
				);
				GCC_PRECOMPILE_PREFIX_HEADER = YES;
				GCC_PREFIX_HEADER = "FastPost/FastPost-Prefix.pch";
				INFOPLIST_FILE = "FastPost/FastPost-Info.plist";
				IPHONEOS_DEPLOYMENT_TARGET = 7.1;
				LIBRARY_SEARCH_PATHS = (
					"$(inherited)",
					"$(SRCROOT)/CrittercismSDK",
				);
				PRODUCT_NAME = dwndlr;
				PROVISIONING_PROFILE = "FA18F795-4A2E-4406-B6ED-929C52F3ED87";
				TARGETED_DEVICE_FAMILY = 1;
				WRAPPER_EXTENSION = app;
			};
			name = Release;
		};
		65413D101843990200543C1A /* Debug */ = {
			isa = XCBuildConfiguration;
			buildSettings = {
				BUNDLE_LOADER = "$(BUILT_PRODUCTS_DIR)/FastPost.app/FastPost";
				FRAMEWORK_SEARCH_PATHS = (
					"$(SDKROOT)/Developer/Library/Frameworks",
					"$(inherited)",
					"$(DEVELOPER_FRAMEWORKS_DIR)",
				);
				GCC_PRECOMPILE_PREFIX_HEADER = YES;
				GCC_PREFIX_HEADER = "FastPost/FastPost-Prefix.pch";
				GCC_PREPROCESSOR_DEFINITIONS = (
					"DEBUG=1",
					"$(inherited)",
				);
				INFOPLIST_FILE = "FastPostTests/FastPostTests-Info.plist";
				PRODUCT_NAME = "$(TARGET_NAME)";
				TEST_HOST = "$(BUNDLE_LOADER)";
				WRAPPER_EXTENSION = xctest;
			};
			name = Debug;
		};
		65413D111843990200543C1A /* Release */ = {
			isa = XCBuildConfiguration;
			buildSettings = {
				BUNDLE_LOADER = "$(BUILT_PRODUCTS_DIR)/FastPost.app/FastPost";
				FRAMEWORK_SEARCH_PATHS = (
					"$(SDKROOT)/Developer/Library/Frameworks",
					"$(inherited)",
					"$(DEVELOPER_FRAMEWORKS_DIR)",
				);
				GCC_PRECOMPILE_PREFIX_HEADER = YES;
				GCC_PREFIX_HEADER = "FastPost/FastPost-Prefix.pch";
				INFOPLIST_FILE = "FastPostTests/FastPostTests-Info.plist";
				PRODUCT_NAME = "$(TARGET_NAME)";
				TEST_HOST = "$(BUNDLE_LOADER)";
				WRAPPER_EXTENSION = xctest;
			};
			name = Release;
		};
/* End XCBuildConfiguration section */

/* Begin XCConfigurationList section */
		65413CD21843990200543C1A /* Build configuration list for PBXProject "FastPost" */ = {
			isa = XCConfigurationList;
			buildConfigurations = (
				65413D0A1843990200543C1A /* Debug */,
				65413D0B1843990200543C1A /* Release */,
			);
			defaultConfigurationIsVisible = 0;
			defaultConfigurationName = Release;
		};
		65413D0C1843990200543C1A /* Build configuration list for PBXNativeTarget "FastPost" */ = {
			isa = XCConfigurationList;
			buildConfigurations = (
				65413D0D1843990200543C1A /* Debug */,
				65413D0E1843990200543C1A /* Release */,
			);
			defaultConfigurationIsVisible = 0;
			defaultConfigurationName = Release;
		};
		65413D0F1843990200543C1A /* Build configuration list for PBXNativeTarget "FastPostTests" */ = {
			isa = XCConfigurationList;
			buildConfigurations = (
				65413D101843990200543C1A /* Debug */,
				65413D111843990200543C1A /* Release */,
			);
			defaultConfigurationIsVisible = 0;
			defaultConfigurationName = Release;
		};
/* End XCConfigurationList section */

/* Begin XCVersionGroup section */
		5034EEB318A7E2CD00DBDCCF /* DataModel.xcdatamodeld */ = {
			isa = XCVersionGroup;
			children = (
				50200C3218CFE037003CEBBE /* DataModel 2.xcdatamodel */,
				5034EEB418A7E2CD00DBDCCF /* DataModel.xcdatamodel */,
			);
			currentVersion = 50200C3218CFE037003CEBBE /* DataModel 2.xcdatamodel */;
			name = DataModel.xcdatamodeld;
			path = ../DataModel.xcdatamodeld;
			sourceTree = "<group>";
			versionGroupType = wrapper.xcdatamodel;
		};
/* End XCVersionGroup section */
	};
	rootObject = 65413CCF1843990200543C1A /* Project object */;
}
